// !$*UTF8*$!
{
	archiveVersion = 1;
	classes = {
	};
	objectVersion = 55;
	objects = {

/* Begin PBXBuildFile section */
		28C96FE72737F7BC005BD7BC /* HealthKit.framework in Frameworks */ = {isa = PBXBuildFile; fileRef = 28C96FE62737F7BC005BD7BC /* HealthKit.framework */; };
		28C96FEB27396892005BD7BC /* DetailFeedViewController.swift in Sources */ = {isa = PBXBuildFile; fileRef = 28C96FEA27396892005BD7BC /* DetailFeedViewController.swift */; };
		28C96FED27396F6B005BD7BC /* DetailFeedViewModel.swift in Sources */ = {isa = PBXBuildFile; fileRef = 28C96FEC27396F6B005BD7BC /* DetailFeedViewModel.swift */; };
		28C96FF3273A4634005BD7BC /* UIResponder+Extension.swift in Sources */ = {isa = PBXBuildFile; fileRef = 28C96FF2273A4634005BD7BC /* UIResponder+Extension.swift */; };
		28C9702D273C3041005BD7BC /* DetailFeedUsecase.swift in Sources */ = {isa = PBXBuildFile; fileRef = 28C9702C273C3041005BD7BC /* DetailFeedUsecase.swift */; };
		28C9702F2740D731005BD7BC /* HomeUsecase.swift in Sources */ = {isa = PBXBuildFile; fileRef = 28C9702E2740D731005BD7BC /* HomeUsecase.swift */; };
		37852ACF273C27F100BA3D67 /* StatisticsModelTests.swift in Sources */ = {isa = PBXBuildFile; fileRef = 37852ACE273C27F100BA3D67 /* StatisticsModelTests.swift */; };
		37852AD6273C286D00BA3D67 /* Statistics.swift in Sources */ = {isa = PBXBuildFile; fileRef = FA614F302733CDAA00B090D9 /* Statistics.swift */; };
		37852AD8273C2D0B00BA3D67 /* StatisticsViewModelTests.swift in Sources */ = {isa = PBXBuildFile; fileRef = 37852AD7273C2D0B00BA3D67 /* StatisticsViewModelTests.swift */; };
		379E3C57273BC182002B0B15 /* ChartView.swift in Sources */ = {isa = PBXBuildFile; fileRef = 379E3C56273BC182002B0B15 /* ChartView.swift */; };
		3B31B5F9273C05D8009D9190 /* FeedCell.swift in Sources */ = {isa = PBXBuildFile; fileRef = 3B31B5F8273C05D8009D9190 /* FeedCell.swift */; };
		3B31B5FC273C0A66009D9190 /* CellConfigurator.swift in Sources */ = {isa = PBXBuildFile; fileRef = 3B31B5FB273C0A66009D9190 /* CellConfigurator.swift */; };
		3B31B5FF273CD2F7009D9190 /* Tracking+CoreDataClass.swift in Sources */ = {isa = PBXBuildFile; fileRef = 3B31B5FD273CD2F7009D9190 /* Tracking+CoreDataClass.swift */; };
		3B31B600273CD2F7009D9190 /* Tracking+CoreDataProperties.swift in Sources */ = {isa = PBXBuildFile; fileRef = 3B31B5FE273CD2F7009D9190 /* Tracking+CoreDataProperties.swift */; };
		3B31B60827410470009D9190 /* TrackingProgressTests.swift in Sources */ = {isa = PBXBuildFile; fileRef = 3B31B60727410470009D9190 /* TrackingProgressTests.swift */; };
		3B31B60E27410784009D9190 /* Booster.xcdatamodeld in Sources */ = {isa = PBXBuildFile; fileRef = FA614F2A2733CDAA00B090D9 /* Booster.xcdatamodeld */; };
		3B31B60F274107A3009D9190 /* TrackingProgressViewModel.swift in Sources */ = {isa = PBXBuildFile; fileRef = FA614F182733CDAA00B090D9 /* TrackingProgressViewModel.swift */; };
		3B31B610274107B4009D9190 /* MileStone.swift in Sources */ = {isa = PBXBuildFile; fileRef = FA614F312733CDAA00B090D9 /* MileStone.swift */; };
		3B31B611274107BA009D9190 /* Coordinate.swift in Sources */ = {isa = PBXBuildFile; fileRef = FA614F332733CDAA00B090D9 /* Coordinate.swift */; };
		3B31B612274107BD009D9190 /* TrackingModel.swift in Sources */ = {isa = PBXBuildFile; fileRef = FA614F362733CDAA00B090D9 /* TrackingModel.swift */; };
		3B31B613274107CF009D9190 /* Tracking+CoreDataClass.swift in Sources */ = {isa = PBXBuildFile; fileRef = 3B31B5FD273CD2F7009D9190 /* Tracking+CoreDataClass.swift */; };
		3B31B614274107D3009D9190 /* Tracking+CoreDataProperties.swift in Sources */ = {isa = PBXBuildFile; fileRef = 3B31B5FE273CD2F7009D9190 /* Tracking+CoreDataProperties.swift */; };
		3B31B61527410819009D9190 /* UserInfo.swift in Sources */ = {isa = PBXBuildFile; fileRef = FA614F2F2733CDAA00B090D9 /* UserInfo.swift */; };
		3B31B616274108F3009D9190 /* Observable.swift in Sources */ = {isa = PBXBuildFile; fileRef = FA614F3C2733CDAA00B090D9 /* Observable.swift */; };
		3B31B61827410935009D9190 /* TrackingProgressUsecase.swift in Sources */ = {isa = PBXBuildFile; fileRef = FA614F502733CDAA00B090D9 /* TrackingProgressUsecase.swift */; };
		3B31B61B2741097E009D9190 /* HealthStoreManager.swift in Sources */ = {isa = PBXBuildFile; fileRef = FA614F532733CDAA00B090D9 /* HealthStoreManager.swift */; };
		3B31B61C2741098C009D9190 /* RepositoryManager.swift in Sources */ = {isa = PBXBuildFile; fileRef = FA614F262733CDAA00B090D9 /* RepositoryManager.swift */; };
		3B31B61D27410997009D9190 /* StatisticsViewModel.swift in Sources */ = {isa = PBXBuildFile; fileRef = FA614F162733CDAA00B090D9 /* StatisticsViewModel.swift */; };
		3B31B61E274109A5009D9190 /* Observable.swift in Sources */ = {isa = PBXBuildFile; fileRef = FA614F3C2733CDAA00B090D9 /* Observable.swift */; };
		3B31B61F274109AF009D9190 /* HealthStoreManager.swift in Sources */ = {isa = PBXBuildFile; fileRef = FA614F532733CDAA00B090D9 /* HealthStoreManager.swift */; };
		3B31B62127413664009D9190 /* FeedList.swift in Sources */ = {isa = PBXBuildFile; fileRef = 3B31B62027413664009D9190 /* FeedList.swift */; };
		3B38FB14273A5F3B00F8620D /* TrackingCountDownView.swift in Sources */ = {isa = PBXBuildFile; fileRef = 3B38FB13273A5F3B00F8620D /* TrackingCountDownView.swift */; };
		3B38FB1A273BABBE00F8620D /* TrackingViewModel.swift in Sources */ = {isa = PBXBuildFile; fileRef = 3B38FB19273BABBE00F8620D /* TrackingViewModel.swift */; };
		3B38FB1C273BF7CD00F8620D /* FeedUseCase.swift in Sources */ = {isa = PBXBuildFile; fileRef = 3B38FB1B273BF7CD00F8620D /* FeedUseCase.swift */; };
		3B4E4006272A6B5200577625 /* .swiftlint.yml in Resources */ = {isa = PBXBuildFile; fileRef = 3B4E4005272A6B5200577625 /* .swiftlint.yml */; };
		4500449EAD12786CF0C84845 /* Pods_Booster.framework in Frameworks */ = {isa = PBXBuildFile; fileRef = EE1982A2EE6933ED1A7065E1 /* Pods_Booster.framework */; };
		FA2578F52745E8DB00597382 /* UserPickerView.swift in Sources */ = {isa = PBXBuildFile; fileRef = FA2578F42745E8DB00597382 /* UserPickerView.swift */; };
		FA2578F72745E99800597382 /* EditUserInfoViewController.swift in Sources */ = {isa = PBXBuildFile; fileRef = FA2578F62745E99800597382 /* EditUserInfoViewController.swift */; };
		FA473A05273A1F8A0000C5DC /* UIImage+Extension.swift in Sources */ = {isa = PBXBuildFile; fileRef = FA473A04273A1F8A0000C5DC /* UIImage+Extension.swift */; };
		FA473A16273B95750000C5DC /* BaseViewControllerTemplate.swift in Sources */ = {isa = PBXBuildFile; fileRef = FA473A15273B95750000C5DC /* BaseViewControllerTemplate.swift */; };
		FA473A3C274375BB0000C5DC /* UserInfoBaseCell.swift in Sources */ = {isa = PBXBuildFile; fileRef = FA473A3A274375BB0000C5DC /* UserInfoBaseCell.swift */; };
		FA473A3D274375BB0000C5DC /* UserInfoBaseCell.xib in Resources */ = {isa = PBXBuildFile; fileRef = FA473A3B274375BB0000C5DC /* UserInfoBaseCell.xib */; };
		FA473A3F274377EB0000C5DC /* UserInfoHeaderView.xib in Resources */ = {isa = PBXBuildFile; fileRef = FA473A3E274377EB0000C5DC /* UserInfoHeaderView.xib */; };
		FA473A412743788B0000C5DC /* UserInfoHeaderView.swift in Sources */ = {isa = PBXBuildFile; fileRef = FA473A402743788B0000C5DC /* UserInfoHeaderView.swift */; };
		FA473A43274387920000C5DC /* MyInfoHeaderView.xib in Resources */ = {isa = PBXBuildFile; fileRef = FA473A42274387920000C5DC /* MyInfoHeaderView.xib */; };
		FA473A4527438A3E0000C5DC /* MyInfoHeaderView.swift in Sources */ = {isa = PBXBuildFile; fileRef = FA473A4427438A3E0000C5DC /* MyInfoHeaderView.swift */; };
		FA473A49274391740000C5DC /* UserViewModel.swift in Sources */ = {isa = PBXBuildFile; fileRef = FA473A48274391740000C5DC /* UserViewModel.swift */; };
		FA473A4B2743A2FB0000C5DC /* UserUsecase.swift in Sources */ = {isa = PBXBuildFile; fileRef = FA473A4A2743A2FB0000C5DC /* UserUsecase.swift */; };
		FA473A4D2744EC1C0000C5DC /* ChangeGoalViewController.swift in Sources */ = {isa = PBXBuildFile; fileRef = FA473A4C2744EC1C0000C5DC /* ChangeGoalViewController.swift */; };
		FA473A4F2744EE730000C5DC /* GoalViewModel.swift in Sources */ = {isa = PBXBuildFile; fileRef = FA473A4E2744EE730000C5DC /* GoalViewModel.swift */; };
		FA614F542733CDAA00B090D9 /* Statistics.storyboard in Resources */ = {isa = PBXBuildFile; fileRef = FA614F092733CDAA00B090D9 /* Statistics.storyboard */; };
		FA614F552733CDAA00B090D9 /* Feed.storyboard in Resources */ = {isa = PBXBuildFile; fileRef = FA614F0A2733CDAA00B090D9 /* Feed.storyboard */; };
		FA614F562733CDAA00B090D9 /* Home.storyboard in Resources */ = {isa = PBXBuildFile; fileRef = FA614F0B2733CDAA00B090D9 /* Home.storyboard */; };
		FA614F572733CDAA00B090D9 /* LaunchScreen.storyboard in Resources */ = {isa = PBXBuildFile; fileRef = FA614F0C2733CDAA00B090D9 /* LaunchScreen.storyboard */; };
		FA614F582733CDAA00B090D9 /* Main.storyboard in Resources */ = {isa = PBXBuildFile; fileRef = FA614F0E2733CDAA00B090D9 /* Main.storyboard */; };
		FA614F592733CDAA00B090D9 /* User.storyboard in Resources */ = {isa = PBXBuildFile; fileRef = FA614F102733CDAA00B090D9 /* User.storyboard */; };
		FA614F5A2733CDAA00B090D9 /* Tracking.storyboard in Resources */ = {isa = PBXBuildFile; fileRef = FA614F122733CDAA00B090D9 /* Tracking.storyboard */; };
		FA614F5B2733CDAA00B090D9 /* CircleRenderer.swift in Sources */ = {isa = PBXBuildFile; fileRef = FA614F142733CDAA00B090D9 /* CircleRenderer.swift */; };
		FA614F5C2733CDAA00B090D9 /* StatisticsViewModel.swift in Sources */ = {isa = PBXBuildFile; fileRef = FA614F162733CDAA00B090D9 /* StatisticsViewModel.swift */; };
		FA614F5D2733CDAA00B090D9 /* HomeViewModel.swift in Sources */ = {isa = PBXBuildFile; fileRef = FA614F172733CDAA00B090D9 /* HomeViewModel.swift */; };
		FA614F5E2733CDAA00B090D9 /* TrackingProgressViewModel.swift in Sources */ = {isa = PBXBuildFile; fileRef = FA614F182733CDAA00B090D9 /* TrackingProgressViewModel.swift */; };
		FA614F5F2733CDAA00B090D9 /* FeedViewModel.swift in Sources */ = {isa = PBXBuildFile; fileRef = FA614F192733CDAA00B090D9 /* FeedViewModel.swift */; };
		FA614F602733CDAA00B090D9 /* Assets.xcassets in Resources */ = {isa = PBXBuildFile; fileRef = FA614F1B2733CDAA00B090D9 /* Assets.xcassets */; };
		FA614F612733CDAA00B090D9 /* NotoSansKR-Light.otf in Resources */ = {isa = PBXBuildFile; fileRef = FA614F1D2733CDAA00B090D9 /* NotoSansKR-Light.otf */; };
		FA614F622733CDAA00B090D9 /* BAZARONI.TTF in Resources */ = {isa = PBXBuildFile; fileRef = FA614F1E2733CDAA00B090D9 /* BAZARONI.TTF */; };
		FA614F632733CDAA00B090D9 /* NotoSansKR-Bold.otf in Resources */ = {isa = PBXBuildFile; fileRef = FA614F1F2733CDAA00B090D9 /* NotoSansKR-Bold.otf */; };
		FA614F642733CDAA00B090D9 /* NotoSansKR-Thin.otf in Resources */ = {isa = PBXBuildFile; fileRef = FA614F202733CDAA00B090D9 /* NotoSansKR-Thin.otf */; };
		FA614F652733CDAA00B090D9 /* NotoSansKR-Black.otf in Resources */ = {isa = PBXBuildFile; fileRef = FA614F212733CDAA00B090D9 /* NotoSansKR-Black.otf */; };
		FA614F662733CDAA00B090D9 /* NotoSansKR-Medium.otf in Resources */ = {isa = PBXBuildFile; fileRef = FA614F222733CDAA00B090D9 /* NotoSansKR-Medium.otf */; };
		FA614F672733CDAA00B090D9 /* NotoSansKR-Regular.otf in Resources */ = {isa = PBXBuildFile; fileRef = FA614F232733CDAA00B090D9 /* NotoSansKR-Regular.otf */; };
		FA614F692733CDAA00B090D9 /* RepositoryManager.swift in Sources */ = {isa = PBXBuildFile; fileRef = FA614F262733CDAA00B090D9 /* RepositoryManager.swift */; };
		FA614F6B2733CDAA00B090D9 /* User+CoreDataProperties.swift in Sources */ = {isa = PBXBuildFile; fileRef = FA614F292733CDAA00B090D9 /* User+CoreDataProperties.swift */; };
		FA614F6C2733CDAA00B090D9 /* Booster.xcdatamodeld in Sources */ = {isa = PBXBuildFile; fileRef = FA614F2A2733CDAA00B090D9 /* Booster.xcdatamodeld */; };
		FA614F6D2733CDAA00B090D9 /* User+CoreDataClass.swift in Sources */ = {isa = PBXBuildFile; fileRef = FA614F2C2733CDAA00B090D9 /* User+CoreDataClass.swift */; };
		FA614F6F2733CDAA00B090D9 /* UserInfo.swift in Sources */ = {isa = PBXBuildFile; fileRef = FA614F2F2733CDAA00B090D9 /* UserInfo.swift */; };
		FA614F702733CDAA00B090D9 /* Statistics.swift in Sources */ = {isa = PBXBuildFile; fileRef = FA614F302733CDAA00B090D9 /* Statistics.swift */; };
		FA614F712733CDAA00B090D9 /* MileStone.swift in Sources */ = {isa = PBXBuildFile; fileRef = FA614F312733CDAA00B090D9 /* MileStone.swift */; };
		FA614F722733CDAA00B090D9 /* HomeModel.swift in Sources */ = {isa = PBXBuildFile; fileRef = FA614F322733CDAA00B090D9 /* HomeModel.swift */; };
		FA614F732733CDAA00B090D9 /* Coordinate.swift in Sources */ = {isa = PBXBuildFile; fileRef = FA614F332733CDAA00B090D9 /* Coordinate.swift */; };
		FA614F762733CDAA00B090D9 /* TrackingModel.swift in Sources */ = {isa = PBXBuildFile; fileRef = FA614F362733CDAA00B090D9 /* TrackingModel.swift */; };
		FA614F772733CDAA00B090D9 /* NSAttributedString+Extension.swift in Sources */ = {isa = PBXBuildFile; fileRef = FA614F382733CDAA00B090D9 /* NSAttributedString+Extension.swift */; };
		FA614F782733CDAA00B090D9 /* UIFont+Extension.swift in Sources */ = {isa = PBXBuildFile; fileRef = FA614F392733CDAA00B090D9 /* UIFont+Extension.swift */; };
		FA614F792733CDAA00B090D9 /* UIAlertController+Extention.swift in Sources */ = {isa = PBXBuildFile; fileRef = FA614F3A2733CDAA00B090D9 /* UIAlertController+Extention.swift */; };
		FA614F7A2733CDAA00B090D9 /* TimeInterval+extension.swift in Sources */ = {isa = PBXBuildFile; fileRef = FA614F3B2733CDAA00B090D9 /* TimeInterval+extension.swift */; };
		FA614F7B2733CDAA00B090D9 /* Observable.swift in Sources */ = {isa = PBXBuildFile; fileRef = FA614F3C2733CDAA00B090D9 /* Observable.swift */; };
		FA614F7C2733CDAA00B090D9 /* AppDelegate.swift in Sources */ = {isa = PBXBuildFile; fileRef = FA614F3E2733CDAA00B090D9 /* AppDelegate.swift */; };
		FA614F7D2733CDAA00B090D9 /* SceneDelegate.swift in Sources */ = {isa = PBXBuildFile; fileRef = FA614F3F2733CDAA00B090D9 /* SceneDelegate.swift */; };
		FA614F7E2733CDAA00B090D9 /* StatisticsViewController.swift in Sources */ = {isa = PBXBuildFile; fileRef = FA614F412733CDAA00B090D9 /* StatisticsViewController.swift */; };
		FA614F7F2733CDAA00B090D9 /* HomeViewController.swift in Sources */ = {isa = PBXBuildFile; fileRef = FA614F422733CDAA00B090D9 /* HomeViewController.swift */; };
		FA614F802733CDAA00B090D9 /* TrackingProgressViewController.swift in Sources */ = {isa = PBXBuildFile; fileRef = FA614F442733CDAA00B090D9 /* TrackingProgressViewController.swift */; };
		FA614F812733CDAA00B090D9 /* TrackingViewController.swift in Sources */ = {isa = PBXBuildFile; fileRef = FA614F452733CDAA00B090D9 /* TrackingViewController.swift */; };
		FA614F822733CDAA00B090D9 /* UserViewController.swift in Sources */ = {isa = PBXBuildFile; fileRef = FA614F462733CDAA00B090D9 /* UserViewController.swift */; };
		FA614F832733CDAA00B090D9 /* FeedViewController.swift in Sources */ = {isa = PBXBuildFile; fileRef = FA614F472733CDAA00B090D9 /* FeedViewController.swift */; };
		FA614F842733CDAA00B090D9 /* PhotoAnnotationView.xib in Resources */ = {isa = PBXBuildFile; fileRef = FA614F492733CDAA00B090D9 /* PhotoAnnotationView.xib */; };
		FA614F852733CDAA00B090D9 /* TrackingMapView.swift in Sources */ = {isa = PBXBuildFile; fileRef = FA614F4A2733CDAA00B090D9 /* TrackingMapView.swift */; };
		FA614F862733CDAA00B090D9 /* PhotoAnnotationView.swift in Sources */ = {isa = PBXBuildFile; fileRef = FA614F4B2733CDAA00B090D9 /* PhotoAnnotationView.swift */; };
		FA614F8A2733CDAA00B090D9 /* TrackingProgressUsecase.swift in Sources */ = {isa = PBXBuildFile; fileRef = FA614F502733CDAA00B090D9 /* TrackingProgressUsecase.swift */; };
		FA614F8B2733CDAA00B090D9 /* HealthStoreManager.swift in Sources */ = {isa = PBXBuildFile; fileRef = FA614F532733CDAA00B090D9 /* HealthStoreManager.swift */; };
		FA614F8E2733CF9000B090D9 /* EmptyView.swift in Sources */ = {isa = PBXBuildFile; fileRef = FA614F8D2733CF9000B090D9 /* EmptyView.swift */; };
		FA614F902733D2CA00B090D9 /* UIColor+Extension.swift in Sources */ = {isa = PBXBuildFile; fileRef = FA614F8F2733D2CA00B090D9 /* UIColor+Extension.swift */; };
		FA614F922733D51100B090D9 /* Enroll.storyboard in Resources */ = {isa = PBXBuildFile; fileRef = FA614F912733D51100B090D9 /* Enroll.storyboard */; };
		FA614F942733D51C00B090D9 /* EnrollViewController.swift in Sources */ = {isa = PBXBuildFile; fileRef = FA614F932733D51C00B090D9 /* EnrollViewController.swift */; };
		FA614F962738F7A200B090D9 /* MileStonePhotoViewController.swift in Sources */ = {isa = PBXBuildFile; fileRef = FA614F952738F7A200B090D9 /* MileStonePhotoViewController.swift */; };
		FA614F982738FDA900B090D9 /* MileStonePhotoViewModel.swift in Sources */ = {isa = PBXBuildFile; fileRef = FA614F972738FDA900B090D9 /* MileStonePhotoViewModel.swift */; };
		FAA291BA2744FE8B0042D2D5 /* EraseAllDataViewController.swift in Sources */ = {isa = PBXBuildFile; fileRef = FAA291B92744FE8B0042D2D5 /* EraseAllDataViewController.swift */; };
		FACBAB6A2746034900CD6B76 /* UIButton+Extension.swift in Sources */ = {isa = PBXBuildFile; fileRef = FACBAB692746034900CD6B76 /* UIButton+Extension.swift */; };
		FADAC0D02745F55100A026E2 /* EditUserInfoTextField.swift in Sources */ = {isa = PBXBuildFile; fileRef = FADAC0CF2745F55100A026E2 /* EditUserInfoTextField.swift */; };
/* End PBXBuildFile section */

/* Begin PBXContainerItemProxy section */
		37852AD0273C27F100BA3D67 /* PBXContainerItemProxy */ = {
			isa = PBXContainerItemProxy;
			containerPortal = 3B4E3FDC272A696E00577625 /* Project object */;
			proxyType = 1;
			remoteGlobalIDString = 3B4E3FE3272A696E00577625;
			remoteInfo = Booster;
		};
		3B31B60927410470009D9190 /* PBXContainerItemProxy */ = {
			isa = PBXContainerItemProxy;
			containerPortal = 3B4E3FDC272A696E00577625 /* Project object */;
			proxyType = 1;
			remoteGlobalIDString = 3B4E3FE3272A696E00577625;
			remoteInfo = Booster;
		};
/* End PBXContainerItemProxy section */

/* Begin PBXFileReference section */
		28C96FE62737F7BC005BD7BC /* HealthKit.framework */ = {isa = PBXFileReference; lastKnownFileType = wrapper.framework; name = HealthKit.framework; path = System/Library/Frameworks/HealthKit.framework; sourceTree = SDKROOT; };
		28C96FEA27396892005BD7BC /* DetailFeedViewController.swift */ = {isa = PBXFileReference; lastKnownFileType = sourcecode.swift; path = DetailFeedViewController.swift; sourceTree = "<group>"; };
		28C96FEC27396F6B005BD7BC /* DetailFeedViewModel.swift */ = {isa = PBXFileReference; lastKnownFileType = sourcecode.swift; path = DetailFeedViewModel.swift; sourceTree = "<group>"; };
		28C96FF2273A4634005BD7BC /* UIResponder+Extension.swift */ = {isa = PBXFileReference; lastKnownFileType = sourcecode.swift; path = "UIResponder+Extension.swift"; sourceTree = "<group>"; };
		28C9702C273C3041005BD7BC /* DetailFeedUsecase.swift */ = {isa = PBXFileReference; lastKnownFileType = sourcecode.swift; path = DetailFeedUsecase.swift; sourceTree = "<group>"; };
		28C9702E2740D731005BD7BC /* HomeUsecase.swift */ = {isa = PBXFileReference; lastKnownFileType = sourcecode.swift; path = HomeUsecase.swift; sourceTree = "<group>"; };
		37852ACC273C27F100BA3D67 /* StatisticsTests.xctest */ = {isa = PBXFileReference; explicitFileType = wrapper.cfbundle; includeInIndex = 0; path = StatisticsTests.xctest; sourceTree = BUILT_PRODUCTS_DIR; };
		37852ACE273C27F100BA3D67 /* StatisticsModelTests.swift */ = {isa = PBXFileReference; lastKnownFileType = sourcecode.swift; path = StatisticsModelTests.swift; sourceTree = "<group>"; };
		37852AD7273C2D0B00BA3D67 /* StatisticsViewModelTests.swift */ = {isa = PBXFileReference; lastKnownFileType = sourcecode.swift; path = StatisticsViewModelTests.swift; sourceTree = "<group>"; };
		379E3C56273BC182002B0B15 /* ChartView.swift */ = {isa = PBXFileReference; lastKnownFileType = sourcecode.swift; path = ChartView.swift; sourceTree = "<group>"; };
		3B31B5F8273C05D8009D9190 /* FeedCell.swift */ = {isa = PBXFileReference; lastKnownFileType = sourcecode.swift; path = FeedCell.swift; sourceTree = "<group>"; };
		3B31B5FB273C0A66009D9190 /* CellConfigurator.swift */ = {isa = PBXFileReference; lastKnownFileType = sourcecode.swift; path = CellConfigurator.swift; sourceTree = "<group>"; };
		3B31B5FD273CD2F7009D9190 /* Tracking+CoreDataClass.swift */ = {isa = PBXFileReference; lastKnownFileType = sourcecode.swift; path = "Tracking+CoreDataClass.swift"; sourceTree = SOURCE_ROOT; };
		3B31B5FE273CD2F7009D9190 /* Tracking+CoreDataProperties.swift */ = {isa = PBXFileReference; lastKnownFileType = sourcecode.swift; path = "Tracking+CoreDataProperties.swift"; sourceTree = SOURCE_ROOT; };
		3B31B60527410470009D9190 /* TrackingProgressTests.xctest */ = {isa = PBXFileReference; explicitFileType = wrapper.cfbundle; includeInIndex = 0; path = TrackingProgressTests.xctest; sourceTree = BUILT_PRODUCTS_DIR; };
		3B31B60727410470009D9190 /* TrackingProgressTests.swift */ = {isa = PBXFileReference; lastKnownFileType = sourcecode.swift; path = TrackingProgressTests.swift; sourceTree = "<group>"; };
		3B31B62027413664009D9190 /* FeedList.swift */ = {isa = PBXFileReference; lastKnownFileType = sourcecode.swift; path = FeedList.swift; sourceTree = "<group>"; };
		3B38FB13273A5F3B00F8620D /* TrackingCountDownView.swift */ = {isa = PBXFileReference; lastKnownFileType = sourcecode.swift; path = TrackingCountDownView.swift; sourceTree = "<group>"; };
		3B38FB19273BABBE00F8620D /* TrackingViewModel.swift */ = {isa = PBXFileReference; lastKnownFileType = sourcecode.swift; path = TrackingViewModel.swift; sourceTree = "<group>"; };
		3B38FB1B273BF7CD00F8620D /* FeedUseCase.swift */ = {isa = PBXFileReference; lastKnownFileType = sourcecode.swift; path = FeedUseCase.swift; sourceTree = "<group>"; };
		3B4E3FE4272A696E00577625 /* Booster.app */ = {isa = PBXFileReference; explicitFileType = wrapper.application; includeInIndex = 0; path = Booster.app; sourceTree = BUILT_PRODUCTS_DIR; };
		3B4E4005272A6B5200577625 /* .swiftlint.yml */ = {isa = PBXFileReference; lastKnownFileType = text.yaml; path = .swiftlint.yml; sourceTree = "<group>"; };
		724D72817F933E7C4E0AA2A8 /* Pods-Booster.debug.xcconfig */ = {isa = PBXFileReference; includeInIndex = 1; lastKnownFileType = text.xcconfig; name = "Pods-Booster.debug.xcconfig"; path = "Target Support Files/Pods-Booster/Pods-Booster.debug.xcconfig"; sourceTree = "<group>"; };
		8D78C31C95AB74973F44C701 /* Pods-Booster.release.xcconfig */ = {isa = PBXFileReference; includeInIndex = 1; lastKnownFileType = text.xcconfig; name = "Pods-Booster.release.xcconfig"; path = "Target Support Files/Pods-Booster/Pods-Booster.release.xcconfig"; sourceTree = "<group>"; };
		EE1982A2EE6933ED1A7065E1 /* Pods_Booster.framework */ = {isa = PBXFileReference; explicitFileType = wrapper.framework; includeInIndex = 0; path = Pods_Booster.framework; sourceTree = BUILT_PRODUCTS_DIR; };
		FA2578F42745E8DB00597382 /* UserPickerView.swift */ = {isa = PBXFileReference; lastKnownFileType = sourcecode.swift; path = UserPickerView.swift; sourceTree = "<group>"; };
		FA2578F62745E99800597382 /* EditUserInfoViewController.swift */ = {isa = PBXFileReference; lastKnownFileType = sourcecode.swift; path = EditUserInfoViewController.swift; sourceTree = "<group>"; };
		FA473A04273A1F8A0000C5DC /* UIImage+Extension.swift */ = {isa = PBXFileReference; lastKnownFileType = sourcecode.swift; path = "UIImage+Extension.swift"; sourceTree = "<group>"; };
		FA473A15273B95750000C5DC /* BaseViewControllerTemplate.swift */ = {isa = PBXFileReference; lastKnownFileType = sourcecode.swift; path = BaseViewControllerTemplate.swift; sourceTree = "<group>"; };
		FA473A3A274375BB0000C5DC /* UserInfoBaseCell.swift */ = {isa = PBXFileReference; lastKnownFileType = sourcecode.swift; path = UserInfoBaseCell.swift; sourceTree = "<group>"; };
		FA473A3B274375BB0000C5DC /* UserInfoBaseCell.xib */ = {isa = PBXFileReference; lastKnownFileType = file.xib; path = UserInfoBaseCell.xib; sourceTree = "<group>"; };
		FA473A3E274377EB0000C5DC /* UserInfoHeaderView.xib */ = {isa = PBXFileReference; lastKnownFileType = file.xib; path = UserInfoHeaderView.xib; sourceTree = "<group>"; };
		FA473A402743788B0000C5DC /* UserInfoHeaderView.swift */ = {isa = PBXFileReference; lastKnownFileType = sourcecode.swift; path = UserInfoHeaderView.swift; sourceTree = "<group>"; };
		FA473A42274387920000C5DC /* MyInfoHeaderView.xib */ = {isa = PBXFileReference; lastKnownFileType = file.xib; path = MyInfoHeaderView.xib; sourceTree = "<group>"; };
		FA473A4427438A3E0000C5DC /* MyInfoHeaderView.swift */ = {isa = PBXFileReference; lastKnownFileType = sourcecode.swift; path = MyInfoHeaderView.swift; sourceTree = "<group>"; };
		FA473A48274391740000C5DC /* UserViewModel.swift */ = {isa = PBXFileReference; lastKnownFileType = sourcecode.swift; path = UserViewModel.swift; sourceTree = "<group>"; };
		FA473A4A2743A2FB0000C5DC /* UserUsecase.swift */ = {isa = PBXFileReference; lastKnownFileType = sourcecode.swift; path = UserUsecase.swift; sourceTree = "<group>"; };
		FA473A4C2744EC1C0000C5DC /* ChangeGoalViewController.swift */ = {isa = PBXFileReference; lastKnownFileType = sourcecode.swift; path = ChangeGoalViewController.swift; sourceTree = "<group>"; };
		FA473A4E2744EE730000C5DC /* GoalViewModel.swift */ = {isa = PBXFileReference; lastKnownFileType = sourcecode.swift; path = GoalViewModel.swift; sourceTree = "<group>"; };
		FA614F092733CDAA00B090D9 /* Statistics.storyboard */ = {isa = PBXFileReference; fileEncoding = 4; lastKnownFileType = file.storyboard; path = Statistics.storyboard; sourceTree = "<group>"; };
		FA614F0A2733CDAA00B090D9 /* Feed.storyboard */ = {isa = PBXFileReference; fileEncoding = 4; lastKnownFileType = file.storyboard; path = Feed.storyboard; sourceTree = "<group>"; };
		FA614F0B2733CDAA00B090D9 /* Home.storyboard */ = {isa = PBXFileReference; fileEncoding = 4; lastKnownFileType = file.storyboard; path = Home.storyboard; sourceTree = "<group>"; };
		FA614F0D2733CDAA00B090D9 /* Base */ = {isa = PBXFileReference; lastKnownFileType = file.storyboard; name = Base; path = Base.lproj/LaunchScreen.storyboard; sourceTree = "<group>"; };
		FA614F0F2733CDAA00B090D9 /* Base */ = {isa = PBXFileReference; lastKnownFileType = file.storyboard; name = Base; path = Base.lproj/Main.storyboard; sourceTree = "<group>"; };
		FA614F102733CDAA00B090D9 /* User.storyboard */ = {isa = PBXFileReference; fileEncoding = 4; lastKnownFileType = file.storyboard; path = User.storyboard; sourceTree = "<group>"; };
		FA614F122733CDAA00B090D9 /* Tracking.storyboard */ = {isa = PBXFileReference; fileEncoding = 4; lastKnownFileType = file.storyboard; path = Tracking.storyboard; sourceTree = "<group>"; };
		FA614F142733CDAA00B090D9 /* CircleRenderer.swift */ = {isa = PBXFileReference; fileEncoding = 4; lastKnownFileType = sourcecode.swift; path = CircleRenderer.swift; sourceTree = "<group>"; };
		FA614F162733CDAA00B090D9 /* StatisticsViewModel.swift */ = {isa = PBXFileReference; fileEncoding = 4; lastKnownFileType = sourcecode.swift; path = StatisticsViewModel.swift; sourceTree = "<group>"; };
		FA614F172733CDAA00B090D9 /* HomeViewModel.swift */ = {isa = PBXFileReference; fileEncoding = 4; lastKnownFileType = sourcecode.swift; path = HomeViewModel.swift; sourceTree = "<group>"; };
		FA614F182733CDAA00B090D9 /* TrackingProgressViewModel.swift */ = {isa = PBXFileReference; fileEncoding = 4; lastKnownFileType = sourcecode.swift; path = TrackingProgressViewModel.swift; sourceTree = "<group>"; };
		FA614F192733CDAA00B090D9 /* FeedViewModel.swift */ = {isa = PBXFileReference; fileEncoding = 4; lastKnownFileType = sourcecode.swift; path = FeedViewModel.swift; sourceTree = "<group>"; };
		FA614F1B2733CDAA00B090D9 /* Assets.xcassets */ = {isa = PBXFileReference; lastKnownFileType = folder.assetcatalog; path = Assets.xcassets; sourceTree = "<group>"; };
		FA614F1D2733CDAA00B090D9 /* NotoSansKR-Light.otf */ = {isa = PBXFileReference; lastKnownFileType = file; path = "NotoSansKR-Light.otf"; sourceTree = "<group>"; };
		FA614F1E2733CDAA00B090D9 /* BAZARONI.TTF */ = {isa = PBXFileReference; lastKnownFileType = file; path = BAZARONI.TTF; sourceTree = "<group>"; };
		FA614F1F2733CDAA00B090D9 /* NotoSansKR-Bold.otf */ = {isa = PBXFileReference; lastKnownFileType = file; path = "NotoSansKR-Bold.otf"; sourceTree = "<group>"; };
		FA614F202733CDAA00B090D9 /* NotoSansKR-Thin.otf */ = {isa = PBXFileReference; lastKnownFileType = file; path = "NotoSansKR-Thin.otf"; sourceTree = "<group>"; };
		FA614F212733CDAA00B090D9 /* NotoSansKR-Black.otf */ = {isa = PBXFileReference; lastKnownFileType = file; path = "NotoSansKR-Black.otf"; sourceTree = "<group>"; };
		FA614F222733CDAA00B090D9 /* NotoSansKR-Medium.otf */ = {isa = PBXFileReference; lastKnownFileType = file; path = "NotoSansKR-Medium.otf"; sourceTree = "<group>"; };
		FA614F232733CDAA00B090D9 /* NotoSansKR-Regular.otf */ = {isa = PBXFileReference; lastKnownFileType = file; path = "NotoSansKR-Regular.otf"; sourceTree = "<group>"; };
		FA614F242733CDAA00B090D9 /* Info.plist */ = {isa = PBXFileReference; fileEncoding = 4; lastKnownFileType = text.plist.xml; path = Info.plist; sourceTree = "<group>"; };
		FA614F262733CDAA00B090D9 /* RepositoryManager.swift */ = {isa = PBXFileReference; fileEncoding = 4; lastKnownFileType = sourcecode.swift; path = RepositoryManager.swift; sourceTree = "<group>"; };
		FA614F292733CDAA00B090D9 /* User+CoreDataProperties.swift */ = {isa = PBXFileReference; fileEncoding = 4; lastKnownFileType = sourcecode.swift; path = "User+CoreDataProperties.swift"; sourceTree = "<group>"; };
		FA614F2B2733CDAA00B090D9 /* Booster.xcdatamodel */ = {isa = PBXFileReference; lastKnownFileType = wrapper.xcdatamodel; path = Booster.xcdatamodel; sourceTree = "<group>"; };
		FA614F2C2733CDAA00B090D9 /* User+CoreDataClass.swift */ = {isa = PBXFileReference; fileEncoding = 4; lastKnownFileType = sourcecode.swift; path = "User+CoreDataClass.swift"; sourceTree = "<group>"; };
		FA614F2F2733CDAA00B090D9 /* UserInfo.swift */ = {isa = PBXFileReference; fileEncoding = 4; lastKnownFileType = sourcecode.swift; path = UserInfo.swift; sourceTree = "<group>"; };
		FA614F302733CDAA00B090D9 /* Statistics.swift */ = {isa = PBXFileReference; fileEncoding = 4; lastKnownFileType = sourcecode.swift; path = Statistics.swift; sourceTree = "<group>"; };
		FA614F312733CDAA00B090D9 /* MileStone.swift */ = {isa = PBXFileReference; fileEncoding = 4; lastKnownFileType = sourcecode.swift; path = MileStone.swift; sourceTree = "<group>"; };
		FA614F322733CDAA00B090D9 /* HomeModel.swift */ = {isa = PBXFileReference; fileEncoding = 4; lastKnownFileType = sourcecode.swift; path = HomeModel.swift; sourceTree = "<group>"; };
		FA614F332733CDAA00B090D9 /* Coordinate.swift */ = {isa = PBXFileReference; fileEncoding = 4; lastKnownFileType = sourcecode.swift; path = Coordinate.swift; sourceTree = "<group>"; };
		FA614F362733CDAA00B090D9 /* TrackingModel.swift */ = {isa = PBXFileReference; fileEncoding = 4; lastKnownFileType = sourcecode.swift; path = TrackingModel.swift; sourceTree = "<group>"; };
		FA614F382733CDAA00B090D9 /* NSAttributedString+Extension.swift */ = {isa = PBXFileReference; fileEncoding = 4; lastKnownFileType = sourcecode.swift; path = "NSAttributedString+Extension.swift"; sourceTree = "<group>"; };
		FA614F392733CDAA00B090D9 /* UIFont+Extension.swift */ = {isa = PBXFileReference; fileEncoding = 4; lastKnownFileType = sourcecode.swift; path = "UIFont+Extension.swift"; sourceTree = "<group>"; };
		FA614F3A2733CDAA00B090D9 /* UIAlertController+Extention.swift */ = {isa = PBXFileReference; fileEncoding = 4; lastKnownFileType = sourcecode.swift; path = "UIAlertController+Extention.swift"; sourceTree = "<group>"; };
		FA614F3B2733CDAA00B090D9 /* TimeInterval+extension.swift */ = {isa = PBXFileReference; fileEncoding = 4; lastKnownFileType = sourcecode.swift; path = "TimeInterval+extension.swift"; sourceTree = "<group>"; };
		FA614F3C2733CDAA00B090D9 /* Observable.swift */ = {isa = PBXFileReference; fileEncoding = 4; lastKnownFileType = sourcecode.swift; path = Observable.swift; sourceTree = "<group>"; };
		FA614F3E2733CDAA00B090D9 /* AppDelegate.swift */ = {isa = PBXFileReference; fileEncoding = 4; lastKnownFileType = sourcecode.swift; path = AppDelegate.swift; sourceTree = "<group>"; };
		FA614F3F2733CDAA00B090D9 /* SceneDelegate.swift */ = {isa = PBXFileReference; fileEncoding = 4; lastKnownFileType = sourcecode.swift; path = SceneDelegate.swift; sourceTree = "<group>"; };
		FA614F412733CDAA00B090D9 /* StatisticsViewController.swift */ = {isa = PBXFileReference; fileEncoding = 4; lastKnownFileType = sourcecode.swift; path = StatisticsViewController.swift; sourceTree = "<group>"; };
		FA614F422733CDAA00B090D9 /* HomeViewController.swift */ = {isa = PBXFileReference; fileEncoding = 4; lastKnownFileType = sourcecode.swift; path = HomeViewController.swift; sourceTree = "<group>"; };
		FA614F442733CDAA00B090D9 /* TrackingProgressViewController.swift */ = {isa = PBXFileReference; fileEncoding = 4; lastKnownFileType = sourcecode.swift; path = TrackingProgressViewController.swift; sourceTree = "<group>"; };
		FA614F452733CDAA00B090D9 /* TrackingViewController.swift */ = {isa = PBXFileReference; fileEncoding = 4; lastKnownFileType = sourcecode.swift; path = TrackingViewController.swift; sourceTree = "<group>"; };
		FA614F462733CDAA00B090D9 /* UserViewController.swift */ = {isa = PBXFileReference; fileEncoding = 4; lastKnownFileType = sourcecode.swift; path = UserViewController.swift; sourceTree = "<group>"; };
		FA614F472733CDAA00B090D9 /* FeedViewController.swift */ = {isa = PBXFileReference; fileEncoding = 4; lastKnownFileType = sourcecode.swift; path = FeedViewController.swift; sourceTree = "<group>"; };
		FA614F492733CDAA00B090D9 /* PhotoAnnotationView.xib */ = {isa = PBXFileReference; fileEncoding = 4; lastKnownFileType = file.xib; path = PhotoAnnotationView.xib; sourceTree = "<group>"; };
		FA614F4A2733CDAA00B090D9 /* TrackingMapView.swift */ = {isa = PBXFileReference; fileEncoding = 4; lastKnownFileType = sourcecode.swift; path = TrackingMapView.swift; sourceTree = "<group>"; };
		FA614F4B2733CDAA00B090D9 /* PhotoAnnotationView.swift */ = {isa = PBXFileReference; fileEncoding = 4; lastKnownFileType = sourcecode.swift; path = PhotoAnnotationView.swift; sourceTree = "<group>"; };
		FA614F502733CDAA00B090D9 /* TrackingProgressUsecase.swift */ = {isa = PBXFileReference; fileEncoding = 4; lastKnownFileType = sourcecode.swift; path = TrackingProgressUsecase.swift; sourceTree = "<group>"; };
		FA614F512733CDAA00B090D9 /* Booster.entitlements */ = {isa = PBXFileReference; fileEncoding = 4; lastKnownFileType = text.plist.entitlements; path = Booster.entitlements; sourceTree = "<group>"; };
		FA614F532733CDAA00B090D9 /* HealthStoreManager.swift */ = {isa = PBXFileReference; fileEncoding = 4; lastKnownFileType = sourcecode.swift; path = HealthStoreManager.swift; sourceTree = "<group>"; };
		FA614F8D2733CF9000B090D9 /* EmptyView.swift */ = {isa = PBXFileReference; lastKnownFileType = sourcecode.swift; path = EmptyView.swift; sourceTree = "<group>"; };
		FA614F8F2733D2CA00B090D9 /* UIColor+Extension.swift */ = {isa = PBXFileReference; lastKnownFileType = sourcecode.swift; path = "UIColor+Extension.swift"; sourceTree = "<group>"; };
		FA614F912733D51100B090D9 /* Enroll.storyboard */ = {isa = PBXFileReference; lastKnownFileType = file.storyboard; path = Enroll.storyboard; sourceTree = "<group>"; };
		FA614F932733D51C00B090D9 /* EnrollViewController.swift */ = {isa = PBXFileReference; lastKnownFileType = sourcecode.swift; path = EnrollViewController.swift; sourceTree = "<group>"; };
		FA614F952738F7A200B090D9 /* MileStonePhotoViewController.swift */ = {isa = PBXFileReference; lastKnownFileType = sourcecode.swift; path = MileStonePhotoViewController.swift; sourceTree = "<group>"; };
		FA614F972738FDA900B090D9 /* MileStonePhotoViewModel.swift */ = {isa = PBXFileReference; lastKnownFileType = sourcecode.swift; path = MileStonePhotoViewModel.swift; sourceTree = "<group>"; };
		FAA291B92744FE8B0042D2D5 /* EraseAllDataViewController.swift */ = {isa = PBXFileReference; lastKnownFileType = sourcecode.swift; path = EraseAllDataViewController.swift; sourceTree = "<group>"; };
		FACBAB692746034900CD6B76 /* UIButton+Extension.swift */ = {isa = PBXFileReference; lastKnownFileType = sourcecode.swift; path = "UIButton+Extension.swift"; sourceTree = "<group>"; };
		FADAC0CF2745F55100A026E2 /* EditUserInfoTextField.swift */ = {isa = PBXFileReference; lastKnownFileType = sourcecode.swift; path = EditUserInfoTextField.swift; sourceTree = "<group>"; };
/* End PBXFileReference section */

/* Begin PBXFrameworksBuildPhase section */
		37852AC9273C27F100BA3D67 /* Frameworks */ = {
			isa = PBXFrameworksBuildPhase;
			buildActionMask = 2147483647;
			files = (
			);
			runOnlyForDeploymentPostprocessing = 0;
		};
		3B31B60227410470009D9190 /* Frameworks */ = {
			isa = PBXFrameworksBuildPhase;
			buildActionMask = 2147483647;
			files = (
			);
			runOnlyForDeploymentPostprocessing = 0;
		};
		3B4E3FE1272A696E00577625 /* Frameworks */ = {
			isa = PBXFrameworksBuildPhase;
			buildActionMask = 2147483647;
			files = (
				28C96FE72737F7BC005BD7BC /* HealthKit.framework in Frameworks */,
				4500449EAD12786CF0C84845 /* Pods_Booster.framework in Frameworks */,
			);
			runOnlyForDeploymentPostprocessing = 0;
		};
/* End PBXFrameworksBuildPhase section */

/* Begin PBXGroup section */
		37852ACD273C27F100BA3D67 /* StatisticsTests */ = {
			isa = PBXGroup;
			children = (
				37852AD7273C2D0B00BA3D67 /* StatisticsViewModelTests.swift */,
				37852ACE273C27F100BA3D67 /* StatisticsModelTests.swift */,
			);
			path = StatisticsTests;
			sourceTree = "<group>";
		};
		3B31B5FA273C0A52009D9190 /* Configurator */ = {
			isa = PBXGroup;
			children = (
				3B31B5FB273C0A66009D9190 /* CellConfigurator.swift */,
			);
			path = Configurator;
			sourceTree = "<group>";
		};
		3B31B60627410470009D9190 /* TrackingProgressTests */ = {
			isa = PBXGroup;
			children = (
				3B31B60727410470009D9190 /* TrackingProgressTests.swift */,
			);
			path = TrackingProgressTests;
			sourceTree = "<group>";
		};
		3B4E3FDB272A696E00577625 = {
			isa = PBXGroup;
			children = (
				3B4E4005272A6B5200577625 /* .swiftlint.yml */,
				FA614F072733CDAA00B090D9 /* Booster */,
				37852ACD273C27F100BA3D67 /* StatisticsTests */,
				3B31B60627410470009D9190 /* TrackingProgressTests */,
				3B4E3FE5272A696E00577625 /* Products */,
				E0CC376E0FACA7149AEAB802 /* Pods */,
				AC0BA7BBD58ED6224A335A59 /* Frameworks */,
			);
			sourceTree = "<group>";
		};
		3B4E3FE5272A696E00577625 /* Products */ = {
			isa = PBXGroup;
			children = (
				3B4E3FE4272A696E00577625 /* Booster.app */,
				37852ACC273C27F100BA3D67 /* StatisticsTests.xctest */,
				3B31B60527410470009D9190 /* TrackingProgressTests.xctest */,
			);
			name = Products;
			sourceTree = "<group>";
		};
		AC0BA7BBD58ED6224A335A59 /* Frameworks */ = {
			isa = PBXGroup;
			children = (
				28C96FE62737F7BC005BD7BC /* HealthKit.framework */,
				EE1982A2EE6933ED1A7065E1 /* Pods_Booster.framework */,
			);
			name = Frameworks;
			sourceTree = "<group>";
		};
		E0CC376E0FACA7149AEAB802 /* Pods */ = {
			isa = PBXGroup;
			children = (
				724D72817F933E7C4E0AA2A8 /* Pods-Booster.debug.xcconfig */,
				8D78C31C95AB74973F44C701 /* Pods-Booster.release.xcconfig */,
			);
			path = Pods;
			sourceTree = "<group>";
		};
		FA473A08273B93FD0000C5DC /* Home */ = {
			isa = PBXGroup;
			children = (
				FA614F422733CDAA00B090D9 /* HomeViewController.swift */,
			);
			path = Home;
			sourceTree = "<group>";
		};
		FA473A09273B940A0000C5DC /* MileStone */ = {
			isa = PBXGroup;
			children = (
				FA614F952738F7A200B090D9 /* MileStonePhotoViewController.swift */,
			);
			path = MileStone;
			sourceTree = "<group>";
		};
		FA473A0A273B94100000C5DC /* Statistic */ = {
			isa = PBXGroup;
			children = (
				FA614F412733CDAA00B090D9 /* StatisticsViewController.swift */,
			);
			path = Statistic;
			sourceTree = "<group>";
		};
		FA473A0B273B94170000C5DC /* Feed */ = {
			isa = PBXGroup;
			children = (
				FA614F472733CDAA00B090D9 /* FeedViewController.swift */,
				28C96FEA27396892005BD7BC /* DetailFeedViewController.swift */,
			);
			path = Feed;
			sourceTree = "<group>";
		};
		FA473A0C273B941F0000C5DC /* User */ = {
			isa = PBXGroup;
			children = (
				FA614F462733CDAA00B090D9 /* UserViewController.swift */,
				FA473A4C2744EC1C0000C5DC /* ChangeGoalViewController.swift */,
				FAA291B92744FE8B0042D2D5 /* EraseAllDataViewController.swift */,
				FA2578F62745E99800597382 /* EditUserInfoViewController.swift */,
			);
			path = User;
			sourceTree = "<group>";
		};
		FA473A0D273B944F0000C5DC /* Enroll */ = {
			isa = PBXGroup;
			children = (
				FA614F932733D51C00B090D9 /* EnrollViewController.swift */,
			);
			path = Enroll;
			sourceTree = "<group>";
		};
		FA473A0E273B94690000C5DC /* Home */ = {
			isa = PBXGroup;
			children = (
				FA614F172733CDAA00B090D9 /* HomeViewModel.swift */,
			);
			path = Home;
			sourceTree = "<group>";
		};
		FA473A0F273B946D0000C5DC /* Tracking */ = {
			isa = PBXGroup;
			children = (
				FA614F182733CDAA00B090D9 /* TrackingProgressViewModel.swift */,
				3B38FB19273BABBE00F8620D /* TrackingViewModel.swift */,
			);
			path = Tracking;
			sourceTree = "<group>";
		};
		FA473A10273B94710000C5DC /* Statistic */ = {
			isa = PBXGroup;
			children = (
				FA614F162733CDAA00B090D9 /* StatisticsViewModel.swift */,
			);
			path = Statistic;
			sourceTree = "<group>";
		};
		FA473A12273B947C0000C5DC /* Feed */ = {
			isa = PBXGroup;
			children = (
				FA614F192733CDAA00B090D9 /* FeedViewModel.swift */,
				28C96FEC27396F6B005BD7BC /* DetailFeedViewModel.swift */,
			);
			path = Feed;
			sourceTree = "<group>";
		};
		FA473A13273B94890000C5DC /* MileStone */ = {
			isa = PBXGroup;
			children = (
				FA614F972738FDA900B090D9 /* MileStonePhotoViewModel.swift */,
			);
			path = MileStone;
			sourceTree = "<group>";
		};
		FA473A14273B95540000C5DC /* BaseProtocol */ = {
			isa = PBXGroup;
			children = (
				FA473A15273B95750000C5DC /* BaseViewControllerTemplate.swift */,
			);
			path = BaseProtocol;
			sourceTree = "<group>";
		};
		FA473A17273BA1E80000C5DC /* Tracking */ = {
			isa = PBXGroup;
			children = (
				FA614F492733CDAA00B090D9 /* PhotoAnnotationView.xib */,
				FA614F4A2733CDAA00B090D9 /* TrackingMapView.swift */,
				FA614F4B2733CDAA00B090D9 /* PhotoAnnotationView.swift */,
				3B38FB13273A5F3B00F8620D /* TrackingCountDownView.swift */,
			);
			path = Tracking;
			sourceTree = "<group>";
		};
		FA473A18273BA1F30000C5DC /* Statistic */ = {
			isa = PBXGroup;
			children = (
				379E3C56273BC182002B0B15 /* ChartView.swift */,
			);
			path = Statistic;
			sourceTree = "<group>";
		};
		FA473A19273BA2050000C5DC /* Feed */ = {
			isa = PBXGroup;
			children = (
				3B31B5F8273C05D8009D9190 /* FeedCell.swift */,
			);
			path = Feed;
			sourceTree = "<group>";
		};
		FA473A1A273BA20D0000C5DC /* User */ = {
			isa = PBXGroup;
			children = (
				FA473A3A274375BB0000C5DC /* UserInfoBaseCell.swift */,
				FA473A3B274375BB0000C5DC /* UserInfoBaseCell.xib */,
				FA473A402743788B0000C5DC /* UserInfoHeaderView.swift */,
				FA473A3E274377EB0000C5DC /* UserInfoHeaderView.xib */,
				FA473A4427438A3E0000C5DC /* MyInfoHeaderView.swift */,
				FA473A42274387920000C5DC /* MyInfoHeaderView.xib */,
				FA2578F42745E8DB00597382 /* UserPickerView.swift */,
				FADAC0CF2745F55100A026E2 /* EditUserInfoTextField.swift */,
			);
			path = User;
			sourceTree = "<group>";
		};
		FA473A1B273BA2130000C5DC /* Home */ = {
			isa = PBXGroup;
			children = (
			);
			path = Home;
			sourceTree = "<group>";
		};
		FA473A472743915F0000C5DC /* User */ = {
			isa = PBXGroup;
			children = (
				FA473A48274391740000C5DC /* UserViewModel.swift */,
				FA473A4E2744EE730000C5DC /* GoalViewModel.swift */,
			);
			path = User;
			sourceTree = "<group>";
		};
		FA614F072733CDAA00B090D9 /* Booster */ = {
			isa = PBXGroup;
			children = (
				FA614F082733CDAA00B090D9 /* Storyboards */,
				FA614F152733CDAA00B090D9 /* ViewModels */,
				FA614F1A2733CDAA00B090D9 /* Resources */,
				FA614F252733CDAA00B090D9 /* Repositories */,
				FA614F2E2733CDAA00B090D9 /* Models */,
				FA614F372733CDAA00B090D9 /* Extensions */,
				FA614F3D2733CDAA00B090D9 /* AppDelegates */,
				FA614F402733CDAA00B090D9 /* ViewControllers */,
				FA614F482733CDAA00B090D9 /* Views */,
				FA614F4F2733CDAA00B090D9 /* Usecases */,
				FA614F512733CDAA00B090D9 /* Booster.entitlements */,
				FA614F522733CDAA00B090D9 /* Services */,
			);
			path = Booster;
			sourceTree = "<group>";
		};
		FA614F082733CDAA00B090D9 /* Storyboards */ = {
			isa = PBXGroup;
			children = (
				FA614F092733CDAA00B090D9 /* Statistics.storyboard */,
				FA614F0A2733CDAA00B090D9 /* Feed.storyboard */,
				FA614F0B2733CDAA00B090D9 /* Home.storyboard */,
				FA614F0C2733CDAA00B090D9 /* LaunchScreen.storyboard */,
				FA614F0E2733CDAA00B090D9 /* Main.storyboard */,
				FA614F102733CDAA00B090D9 /* User.storyboard */,
				FA614F122733CDAA00B090D9 /* Tracking.storyboard */,
				FA614F912733D51100B090D9 /* Enroll.storyboard */,
			);
			path = Storyboards;
			sourceTree = "<group>";
		};
		FA614F132733CDAA00B090D9 /* Renderers */ = {
			isa = PBXGroup;
			children = (
				FA614F142733CDAA00B090D9 /* CircleRenderer.swift */,
			);
			path = Renderers;
			sourceTree = "<group>";
		};
		FA614F152733CDAA00B090D9 /* ViewModels */ = {
			isa = PBXGroup;
			children = (
				FA473A472743915F0000C5DC /* User */,
				FA473A13273B94890000C5DC /* MileStone */,
				FA473A12273B947C0000C5DC /* Feed */,
				FA473A10273B94710000C5DC /* Statistic */,
				FA473A0F273B946D0000C5DC /* Tracking */,
				FA473A0E273B94690000C5DC /* Home */,
			);
			path = ViewModels;
			sourceTree = "<group>";
		};
		FA614F1A2733CDAA00B090D9 /* Resources */ = {
			isa = PBXGroup;
			children = (
				FA614F2A2733CDAA00B090D9 /* Booster.xcdatamodeld */,
				FA614F1B2733CDAA00B090D9 /* Assets.xcassets */,
				FA614F1C2733CDAA00B090D9 /* Fonts */,
				FA614F242733CDAA00B090D9 /* Info.plist */,
			);
			path = Resources;
			sourceTree = "<group>";
		};
		FA614F1C2733CDAA00B090D9 /* Fonts */ = {
			isa = PBXGroup;
			children = (
				FA614F1D2733CDAA00B090D9 /* NotoSansKR-Light.otf */,
				FA614F1E2733CDAA00B090D9 /* BAZARONI.TTF */,
				FA614F1F2733CDAA00B090D9 /* NotoSansKR-Bold.otf */,
				FA614F202733CDAA00B090D9 /* NotoSansKR-Thin.otf */,
				FA614F212733CDAA00B090D9 /* NotoSansKR-Black.otf */,
				FA614F222733CDAA00B090D9 /* NotoSansKR-Medium.otf */,
				FA614F232733CDAA00B090D9 /* NotoSansKR-Regular.otf */,
			);
			path = Fonts;
			sourceTree = "<group>";
		};
		FA614F252733CDAA00B090D9 /* Repositories */ = {
			isa = PBXGroup;
			children = (
				FA614F262733CDAA00B090D9 /* RepositoryManager.swift */,
				FA614F272733CDAA00B090D9 /* CoreData */,
			);
			path = Repositories;
			sourceTree = "<group>";
		};
		FA614F272733CDAA00B090D9 /* CoreData */ = {
			isa = PBXGroup;
			children = (
				3B31B5FD273CD2F7009D9190 /* Tracking+CoreDataClass.swift */,
				3B31B5FE273CD2F7009D9190 /* Tracking+CoreDataProperties.swift */,
				FA614F292733CDAA00B090D9 /* User+CoreDataProperties.swift */,
				FA614F2C2733CDAA00B090D9 /* User+CoreDataClass.swift */,
			);
			path = CoreData;
			sourceTree = "<group>";
		};
		FA614F2E2733CDAA00B090D9 /* Models */ = {
			isa = PBXGroup;
			children = (
				FA614F2F2733CDAA00B090D9 /* UserInfo.swift */,
				FA614F302733CDAA00B090D9 /* Statistics.swift */,
				FA614F312733CDAA00B090D9 /* MileStone.swift */,
				FA614F322733CDAA00B090D9 /* HomeModel.swift */,
				FA614F332733CDAA00B090D9 /* Coordinate.swift */,
				FA614F362733CDAA00B090D9 /* TrackingModel.swift */,
				3B31B62027413664009D9190 /* FeedList.swift */,
			);
			path = Models;
			sourceTree = "<group>";
		};
		FA614F372733CDAA00B090D9 /* Extensions */ = {
			isa = PBXGroup;
			children = (
				FA614F382733CDAA00B090D9 /* NSAttributedString+Extension.swift */,
				FA614F392733CDAA00B090D9 /* UIFont+Extension.swift */,
				FA614F3A2733CDAA00B090D9 /* UIAlertController+Extention.swift */,
				FA614F3B2733CDAA00B090D9 /* TimeInterval+extension.swift */,
				FA614F3C2733CDAA00B090D9 /* Observable.swift */,
				FA614F8F2733D2CA00B090D9 /* UIColor+Extension.swift */,
				FA473A04273A1F8A0000C5DC /* UIImage+Extension.swift */,
				28C96FF2273A4634005BD7BC /* UIResponder+Extension.swift */,
				FACBAB692746034900CD6B76 /* UIButton+Extension.swift */,
			);
			path = Extensions;
			sourceTree = "<group>";
		};
		FA614F3D2733CDAA00B090D9 /* AppDelegates */ = {
			isa = PBXGroup;
			children = (
				FA614F3E2733CDAA00B090D9 /* AppDelegate.swift */,
				FA614F3F2733CDAA00B090D9 /* SceneDelegate.swift */,
			);
			path = AppDelegates;
			sourceTree = "<group>";
		};
		FA614F402733CDAA00B090D9 /* ViewControllers */ = {
			isa = PBXGroup;
			children = (
				FA473A14273B95540000C5DC /* BaseProtocol */,
				FA473A0D273B944F0000C5DC /* Enroll */,
				FA473A0C273B941F0000C5DC /* User */,
				FA473A0B273B94170000C5DC /* Feed */,
				FA473A0A273B94100000C5DC /* Statistic */,
				FA473A09273B940A0000C5DC /* MileStone */,
				FA473A08273B93FD0000C5DC /* Home */,
				FA614F432733CDAA00B090D9 /* Tracking */,
			);
			path = ViewControllers;
			sourceTree = "<group>";
		};
		FA614F432733CDAA00B090D9 /* Tracking */ = {
			isa = PBXGroup;
			children = (
				FA614F442733CDAA00B090D9 /* TrackingProgressViewController.swift */,
				FA614F452733CDAA00B090D9 /* TrackingViewController.swift */,
			);
			path = Tracking;
			sourceTree = "<group>";
		};
		FA614F482733CDAA00B090D9 /* Views */ = {
			isa = PBXGroup;
			children = (
				3B31B5FA273C0A52009D9190 /* Configurator */,
				FA614F132733CDAA00B090D9 /* Renderers */,
				FA473A1B273BA2130000C5DC /* Home */,
				FA473A1A273BA20D0000C5DC /* User */,
				FA473A19273BA2050000C5DC /* Feed */,
				FA473A18273BA1F30000C5DC /* Statistic */,
				FA473A17273BA1E80000C5DC /* Tracking */,
				FA614F8D2733CF9000B090D9 /* EmptyView.swift */,
			);
			path = Views;
			sourceTree = "<group>";
		};
		FA614F4F2733CDAA00B090D9 /* Usecases */ = {
			isa = PBXGroup;
			children = (
				FA614F502733CDAA00B090D9 /* TrackingProgressUsecase.swift */,
				28C9702C273C3041005BD7BC /* DetailFeedUsecase.swift */,
				3B38FB1B273BF7CD00F8620D /* FeedUseCase.swift */,
				28C9702E2740D731005BD7BC /* HomeUsecase.swift */,
				FA473A4A2743A2FB0000C5DC /* UserUsecase.swift */,
			);
			path = Usecases;
			sourceTree = "<group>";
		};
		FA614F522733CDAA00B090D9 /* Services */ = {
			isa = PBXGroup;
			children = (
				FA614F532733CDAA00B090D9 /* HealthStoreManager.swift */,
			);
			path = Services;
			sourceTree = "<group>";
		};
/* End PBXGroup section */

/* Begin PBXNativeTarget section */
		37852ACB273C27F100BA3D67 /* StatisticsTests */ = {
			isa = PBXNativeTarget;
			buildConfigurationList = 37852AD2273C27F100BA3D67 /* Build configuration list for PBXNativeTarget "StatisticsTests" */;
			buildPhases = (
				37852AC8273C27F100BA3D67 /* Sources */,
				37852AC9273C27F100BA3D67 /* Frameworks */,
				37852ACA273C27F100BA3D67 /* Resources */,
			);
			buildRules = (
			);
			dependencies = (
				37852AD1273C27F100BA3D67 /* PBXTargetDependency */,
			);
			name = StatisticsTests;
			productName = StatisticsTests;
			productReference = 37852ACC273C27F100BA3D67 /* StatisticsTests.xctest */;
			productType = "com.apple.product-type.bundle.unit-test";
		};
		3B31B60427410470009D9190 /* TrackingProgressTests */ = {
			isa = PBXNativeTarget;
			buildConfigurationList = 3B31B60D27410470009D9190 /* Build configuration list for PBXNativeTarget "TrackingProgressTests" */;
			buildPhases = (
				3B31B60127410470009D9190 /* Sources */,
				3B31B60227410470009D9190 /* Frameworks */,
				3B31B60327410470009D9190 /* Resources */,
			);
			buildRules = (
			);
			dependencies = (
				3B31B60A27410470009D9190 /* PBXTargetDependency */,
			);
			name = TrackingProgressTests;
			productName = TrackingProgressTests;
			productReference = 3B31B60527410470009D9190 /* TrackingProgressTests.xctest */;
			productType = "com.apple.product-type.bundle.unit-test";
		};
		3B4E3FE3272A696E00577625 /* Booster */ = {
			isa = PBXNativeTarget;
			buildConfigurationList = 3B4E3FF8272A696F00577625 /* Build configuration list for PBXNativeTarget "Booster" */;
			buildPhases = (
				9B2BE05148FA7DD39B75420D /* [CP] Check Pods Manifest.lock */,
				3B4E3FE0272A696E00577625 /* Sources */,
				3B4E3FE1272A696E00577625 /* Frameworks */,
				3B4E3FE2272A696E00577625 /* Resources */,
				3B4E4004272A6AF200577625 /* ShellScript */,
				EB3A7306912718398313E1DC /* [CP] Embed Pods Frameworks */,
			);
			buildRules = (
			);
			dependencies = (
			);
			name = Booster;
			productName = Booster;
			productReference = 3B4E3FE4272A696E00577625 /* Booster.app */;
			productType = "com.apple.product-type.application";
		};
/* End PBXNativeTarget section */

/* Begin PBXProject section */
		3B4E3FDC272A696E00577625 /* Project object */ = {
			isa = PBXProject;
			attributes = {
				BuildIndependentTargetsInParallel = 1;
				LastSwiftUpdateCheck = 1310;
				LastUpgradeCheck = 1310;
				TargetAttributes = {
					37852ACB273C27F100BA3D67 = {
						CreatedOnToolsVersion = 13.0;
						TestTargetID = 3B4E3FE3272A696E00577625;
					};
					3B31B60427410470009D9190 = {
						CreatedOnToolsVersion = 13.1;
						TestTargetID = 3B4E3FE3272A696E00577625;
					};
					3B4E3FE3272A696E00577625 = {
						CreatedOnToolsVersion = 13.1;
					};
				};
			};
			buildConfigurationList = 3B4E3FDF272A696E00577625 /* Build configuration list for PBXProject "Booster" */;
			compatibilityVersion = "Xcode 13.0";
			developmentRegion = en;
			hasScannedForEncodings = 0;
			knownRegions = (
				en,
				Base,
			);
			mainGroup = 3B4E3FDB272A696E00577625;
			productRefGroup = 3B4E3FE5272A696E00577625 /* Products */;
			projectDirPath = "";
			projectRoot = "";
			targets = (
				3B4E3FE3272A696E00577625 /* Booster */,
				37852ACB273C27F100BA3D67 /* StatisticsTests */,
				3B31B60427410470009D9190 /* TrackingProgressTests */,
			);
		};
/* End PBXProject section */

/* Begin PBXResourcesBuildPhase section */
		37852ACA273C27F100BA3D67 /* Resources */ = {
			isa = PBXResourcesBuildPhase;
			buildActionMask = 2147483647;
			files = (
			);
			runOnlyForDeploymentPostprocessing = 0;
		};
		3B31B60327410470009D9190 /* Resources */ = {
			isa = PBXResourcesBuildPhase;
			buildActionMask = 2147483647;
			files = (
			);
			runOnlyForDeploymentPostprocessing = 0;
		};
		3B4E3FE2272A696E00577625 /* Resources */ = {
			isa = PBXResourcesBuildPhase;
			buildActionMask = 2147483647;
			files = (
				3B4E4006272A6B5200577625 /* .swiftlint.yml in Resources */,
				FA614F542733CDAA00B090D9 /* Statistics.storyboard in Resources */,
				FA614F622733CDAA00B090D9 /* BAZARONI.TTF in Resources */,
				FA614F552733CDAA00B090D9 /* Feed.storyboard in Resources */,
				FA614F582733CDAA00B090D9 /* Main.storyboard in Resources */,
				FA473A43274387920000C5DC /* MyInfoHeaderView.xib in Resources */,
				FA614F652733CDAA00B090D9 /* NotoSansKR-Black.otf in Resources */,
				FA614F922733D51100B090D9 /* Enroll.storyboard in Resources */,
				FA614F592733CDAA00B090D9 /* User.storyboard in Resources */,
				FA614F5A2733CDAA00B090D9 /* Tracking.storyboard in Resources */,
				FA614F612733CDAA00B090D9 /* NotoSansKR-Light.otf in Resources */,
				FA614F572733CDAA00B090D9 /* LaunchScreen.storyboard in Resources */,
				FA614F842733CDAA00B090D9 /* PhotoAnnotationView.xib in Resources */,
				FA614F602733CDAA00B090D9 /* Assets.xcassets in Resources */,
				FA614F632733CDAA00B090D9 /* NotoSansKR-Bold.otf in Resources */,
				FA473A3F274377EB0000C5DC /* UserInfoHeaderView.xib in Resources */,
				FA473A3D274375BB0000C5DC /* UserInfoBaseCell.xib in Resources */,
				FA614F662733CDAA00B090D9 /* NotoSansKR-Medium.otf in Resources */,
				FA614F562733CDAA00B090D9 /* Home.storyboard in Resources */,
				FA614F672733CDAA00B090D9 /* NotoSansKR-Regular.otf in Resources */,
				FA614F642733CDAA00B090D9 /* NotoSansKR-Thin.otf in Resources */,
			);
			runOnlyForDeploymentPostprocessing = 0;
		};
/* End PBXResourcesBuildPhase section */

/* Begin PBXShellScriptBuildPhase section */
		3B4E4004272A6AF200577625 /* ShellScript */ = {
			isa = PBXShellScriptBuildPhase;
			buildActionMask = 2147483647;
			files = (
			);
			inputFileListPaths = (
			);
			inputPaths = (
			);
			outputFileListPaths = (
			);
			outputPaths = (
			);
			runOnlyForDeploymentPostprocessing = 0;
			shellPath = /bin/sh;
			shellScript = "${PODS_ROOT}/SwiftLint/swiftlint autocorrect\n";
		};
		9B2BE05148FA7DD39B75420D /* [CP] Check Pods Manifest.lock */ = {
			isa = PBXShellScriptBuildPhase;
			buildActionMask = 2147483647;
			files = (
			);
			inputFileListPaths = (
			);
			inputPaths = (
				"${PODS_PODFILE_DIR_PATH}/Podfile.lock",
				"${PODS_ROOT}/Manifest.lock",
			);
			name = "[CP] Check Pods Manifest.lock";
			outputFileListPaths = (
			);
			outputPaths = (
				"$(DERIVED_FILE_DIR)/Pods-Booster-checkManifestLockResult.txt",
			);
			runOnlyForDeploymentPostprocessing = 0;
			shellPath = /bin/sh;
			shellScript = "diff \"${PODS_PODFILE_DIR_PATH}/Podfile.lock\" \"${PODS_ROOT}/Manifest.lock\" > /dev/null\nif [ $? != 0 ] ; then\n    # print error to STDERR\n    echo \"error: The sandbox is not in sync with the Podfile.lock. Run 'pod install' or update your CocoaPods installation.\" >&2\n    exit 1\nfi\n# This output is used by Xcode 'outputs' to avoid re-running this script phase.\necho \"SUCCESS\" > \"${SCRIPT_OUTPUT_FILE_0}\"\n";
			showEnvVarsInLog = 0;
		};
		EB3A7306912718398313E1DC /* [CP] Embed Pods Frameworks */ = {
			isa = PBXShellScriptBuildPhase;
			buildActionMask = 2147483647;
			files = (
			);
			inputFileListPaths = (
				"${PODS_ROOT}/Target Support Files/Pods-Booster/Pods-Booster-frameworks-${CONFIGURATION}-input-files.xcfilelist",
			);
			name = "[CP] Embed Pods Frameworks";
			outputFileListPaths = (
				"${PODS_ROOT}/Target Support Files/Pods-Booster/Pods-Booster-frameworks-${CONFIGURATION}-output-files.xcfilelist",
			);
			runOnlyForDeploymentPostprocessing = 0;
			shellPath = /bin/sh;
			shellScript = "\"${PODS_ROOT}/Target Support Files/Pods-Booster/Pods-Booster-frameworks.sh\"\n";
			showEnvVarsInLog = 0;
		};
/* End PBXShellScriptBuildPhase section */

/* Begin PBXSourcesBuildPhase section */
		37852AC8273C27F100BA3D67 /* Sources */ = {
			isa = PBXSourcesBuildPhase;
			buildActionMask = 2147483647;
			files = (
				37852ACF273C27F100BA3D67 /* StatisticsModelTests.swift in Sources */,
				3B31B61F274109AF009D9190 /* HealthStoreManager.swift in Sources */,
				3B31B61E274109A5009D9190 /* Observable.swift in Sources */,
				37852AD8273C2D0B00BA3D67 /* StatisticsViewModelTests.swift in Sources */,
				37852AD6273C286D00BA3D67 /* Statistics.swift in Sources */,
				3B31B61D27410997009D9190 /* StatisticsViewModel.swift in Sources */,
			);
			runOnlyForDeploymentPostprocessing = 0;
		};
		3B31B60127410470009D9190 /* Sources */ = {
			isa = PBXSourcesBuildPhase;
			buildActionMask = 2147483647;
			files = (
				3B31B60F274107A3009D9190 /* TrackingProgressViewModel.swift in Sources */,
				3B31B60E27410784009D9190 /* Booster.xcdatamodeld in Sources */,
				3B31B613274107CF009D9190 /* Tracking+CoreDataClass.swift in Sources */,
				3B31B610274107B4009D9190 /* MileStone.swift in Sources */,
				3B31B61827410935009D9190 /* TrackingProgressUsecase.swift in Sources */,
				3B31B60827410470009D9190 /* TrackingProgressTests.swift in Sources */,
				3B31B61C2741098C009D9190 /* RepositoryManager.swift in Sources */,
				3B31B612274107BD009D9190 /* TrackingModel.swift in Sources */,
				3B31B61B2741097E009D9190 /* HealthStoreManager.swift in Sources */,
				3B31B616274108F3009D9190 /* Observable.swift in Sources */,
				3B31B614274107D3009D9190 /* Tracking+CoreDataProperties.swift in Sources */,
				3B31B61527410819009D9190 /* UserInfo.swift in Sources */,
				3B31B611274107BA009D9190 /* Coordinate.swift in Sources */,
			);
			runOnlyForDeploymentPostprocessing = 0;
		};
		3B4E3FE0272A696E00577625 /* Sources */ = {
			isa = PBXSourcesBuildPhase;
			buildActionMask = 2147483647;
			files = (
				FA614F782733CDAA00B090D9 /* UIFont+Extension.swift in Sources */,
				FA614F5F2733CDAA00B090D9 /* FeedViewModel.swift in Sources */,
				3B31B5F9273C05D8009D9190 /* FeedCell.swift in Sources */,
				FA614F7A2733CDAA00B090D9 /* TimeInterval+extension.swift in Sources */,
				FA614F5B2733CDAA00B090D9 /* CircleRenderer.swift in Sources */,
				3B38FB1C273BF7CD00F8620D /* FeedUseCase.swift in Sources */,
				FA614F802733CDAA00B090D9 /* TrackingProgressViewController.swift in Sources */,
				FA473A4527438A3E0000C5DC /* MyInfoHeaderView.swift in Sources */,
				FA614F792733CDAA00B090D9 /* UIAlertController+Extention.swift in Sources */,
				FA614F832733CDAA00B090D9 /* FeedViewController.swift in Sources */,
				FA614F712733CDAA00B090D9 /* MileStone.swift in Sources */,
				FA2578F72745E99800597382 /* EditUserInfoViewController.swift in Sources */,
				FA473A05273A1F8A0000C5DC /* UIImage+Extension.swift in Sources */,
				FA614F732733CDAA00B090D9 /* Coordinate.swift in Sources */,
				FA473A49274391740000C5DC /* UserViewModel.swift in Sources */,
				FA614F762733CDAA00B090D9 /* TrackingModel.swift in Sources */,
				FA614F6B2733CDAA00B090D9 /* User+CoreDataProperties.swift in Sources */,
				FA614F902733D2CA00B090D9 /* UIColor+Extension.swift in Sources */,
				FA614F5D2733CDAA00B090D9 /* HomeViewModel.swift in Sources */,
				FA614F6F2733CDAA00B090D9 /* UserInfo.swift in Sources */,
				FA614F702733CDAA00B090D9 /* Statistics.swift in Sources */,
				FA473A4D2744EC1C0000C5DC /* ChangeGoalViewController.swift in Sources */,
				FA614F7C2733CDAA00B090D9 /* AppDelegate.swift in Sources */,
				FA614F812733CDAA00B090D9 /* TrackingViewController.swift in Sources */,
				3B31B5FF273CD2F7009D9190 /* Tracking+CoreDataClass.swift in Sources */,
				28C96FED27396F6B005BD7BC /* DetailFeedViewModel.swift in Sources */,
				FA614F6D2733CDAA00B090D9 /* User+CoreDataClass.swift in Sources */,
				379E3C57273BC182002B0B15 /* ChartView.swift in Sources */,
				FACBAB6A2746034900CD6B76 /* UIButton+Extension.swift in Sources */,
				FA614F822733CDAA00B090D9 /* UserViewController.swift in Sources */,
				FA614F7E2733CDAA00B090D9 /* StatisticsViewController.swift in Sources */,
				FAA291BA2744FE8B0042D2D5 /* EraseAllDataViewController.swift in Sources */,
				FA473A4F2744EE730000C5DC /* GoalViewModel.swift in Sources */,
				FA614F862733CDAA00B090D9 /* PhotoAnnotationView.swift in Sources */,
				FA614F942733D51C00B090D9 /* EnrollViewController.swift in Sources */,
				FA614F7B2733CDAA00B090D9 /* Observable.swift in Sources */,
				FA614F7F2733CDAA00B090D9 /* HomeViewController.swift in Sources */,
				28C9702D273C3041005BD7BC /* DetailFeedUsecase.swift in Sources */,
				FA614F8A2733CDAA00B090D9 /* TrackingProgressUsecase.swift in Sources */,
				FA614F982738FDA900B090D9 /* MileStonePhotoViewModel.swift in Sources */,
				28C96FF3273A4634005BD7BC /* UIResponder+Extension.swift in Sources */,
				FA614F692733CDAA00B090D9 /* RepositoryManager.swift in Sources */,
				3B31B5FC273C0A66009D9190 /* CellConfigurator.swift in Sources */,
				FA473A16273B95750000C5DC /* BaseViewControllerTemplate.swift in Sources */,
				FA614F852733CDAA00B090D9 /* TrackingMapView.swift in Sources */,
				FA473A4B2743A2FB0000C5DC /* UserUsecase.swift in Sources */,
				FA614F5E2733CDAA00B090D9 /* TrackingProgressViewModel.swift in Sources */,
				FA2578F52745E8DB00597382 /* UserPickerView.swift in Sources */,
				FA614F7D2733CDAA00B090D9 /* SceneDelegate.swift in Sources */,
				FADAC0D02745F55100A026E2 /* EditUserInfoTextField.swift in Sources */,
				3B38FB1A273BABBE00F8620D /* TrackingViewModel.swift in Sources */,
				3B31B600273CD2F7009D9190 /* Tracking+CoreDataProperties.swift in Sources */,
				FA614F5C2733CDAA00B090D9 /* StatisticsViewModel.swift in Sources */,
				FA614F8B2733CDAA00B090D9 /* HealthStoreManager.swift in Sources */,
				FA614F8E2733CF9000B090D9 /* EmptyView.swift in Sources */,
				FA473A412743788B0000C5DC /* UserInfoHeaderView.swift in Sources */,
				FA614F772733CDAA00B090D9 /* NSAttributedString+Extension.swift in Sources */,
				FA614F6C2733CDAA00B090D9 /* Booster.xcdatamodeld in Sources */,
				FA473A3C274375BB0000C5DC /* UserInfoBaseCell.swift in Sources */,
				3B38FB14273A5F3B00F8620D /* TrackingCountDownView.swift in Sources */,
				3B31B62127413664009D9190 /* FeedList.swift in Sources */,
				FA614F722733CDAA00B090D9 /* HomeModel.swift in Sources */,
				FA614F962738F7A200B090D9 /* MileStonePhotoViewController.swift in Sources */,
				28C9702F2740D731005BD7BC /* HomeUsecase.swift in Sources */,
				28C96FEB27396892005BD7BC /* DetailFeedViewController.swift in Sources */,
			);
			runOnlyForDeploymentPostprocessing = 0;
		};
/* End PBXSourcesBuildPhase section */

/* Begin PBXTargetDependency section */
		37852AD1273C27F100BA3D67 /* PBXTargetDependency */ = {
			isa = PBXTargetDependency;
			target = 3B4E3FE3272A696E00577625 /* Booster */;
			targetProxy = 37852AD0273C27F100BA3D67 /* PBXContainerItemProxy */;
		};
		3B31B60A27410470009D9190 /* PBXTargetDependency */ = {
			isa = PBXTargetDependency;
			target = 3B4E3FE3272A696E00577625 /* Booster */;
			targetProxy = 3B31B60927410470009D9190 /* PBXContainerItemProxy */;
		};
/* End PBXTargetDependency section */

/* Begin PBXVariantGroup section */
		FA614F0C2733CDAA00B090D9 /* LaunchScreen.storyboard */ = {
			isa = PBXVariantGroup;
			children = (
				FA614F0D2733CDAA00B090D9 /* Base */,
			);
			name = LaunchScreen.storyboard;
			sourceTree = "<group>";
		};
		FA614F0E2733CDAA00B090D9 /* Main.storyboard */ = {
			isa = PBXVariantGroup;
			children = (
				FA614F0F2733CDAA00B090D9 /* Base */,
			);
			name = Main.storyboard;
			sourceTree = "<group>";
		};
/* End PBXVariantGroup section */

/* Begin XCBuildConfiguration section */
		37852AD3273C27F100BA3D67 /* Debug */ = {
			isa = XCBuildConfiguration;
			buildSettings = {
				BUNDLE_LOADER = "$(TEST_HOST)";
				CODE_SIGN_STYLE = Automatic;
				CURRENT_PROJECT_VERSION = 1;
				DEVELOPMENT_TEAM = B3PWYBKFUK;
				GENERATE_INFOPLIST_FILE = YES;
				IPHONEOS_DEPLOYMENT_TARGET = 15.0;
				LD_RUNPATH_SEARCH_PATHS = (
					"$(inherited)",
					"@executable_path/Frameworks",
					"@loader_path/Frameworks",
				);
				MARKETING_VERSION = 1.0;
				PRODUCT_BUNDLE_IDENTIFIER = levenshtein.StatisticsTests;
				PRODUCT_NAME = "$(TARGET_NAME)";
				SWIFT_EMIT_LOC_STRINGS = NO;
				SWIFT_VERSION = 5.0;
				TARGETED_DEVICE_FAMILY = "1,2";
				TEST_HOST = "$(BUILT_PRODUCTS_DIR)/Booster.app/Booster";
			};
			name = Debug;
		};
		37852AD4273C27F100BA3D67 /* Release */ = {
			isa = XCBuildConfiguration;
			buildSettings = {
				BUNDLE_LOADER = "$(TEST_HOST)";
				CODE_SIGN_STYLE = Automatic;
				CURRENT_PROJECT_VERSION = 1;
				DEVELOPMENT_TEAM = B3PWYBKFUK;
				GENERATE_INFOPLIST_FILE = YES;
				IPHONEOS_DEPLOYMENT_TARGET = 15.0;
				LD_RUNPATH_SEARCH_PATHS = (
					"$(inherited)",
					"@executable_path/Frameworks",
					"@loader_path/Frameworks",
				);
				MARKETING_VERSION = 1.0;
				PRODUCT_BUNDLE_IDENTIFIER = levenshtein.StatisticsTests;
				PRODUCT_NAME = "$(TARGET_NAME)";
				SWIFT_EMIT_LOC_STRINGS = NO;
				SWIFT_VERSION = 5.0;
				TARGETED_DEVICE_FAMILY = "1,2";
				TEST_HOST = "$(BUILT_PRODUCTS_DIR)/Booster.app/Booster";
			};
			name = Release;
		};
		3B31B60B27410470009D9190 /* Debug */ = {
			isa = XCBuildConfiguration;
			buildSettings = {
				BUNDLE_LOADER = "$(TEST_HOST)";
				CODE_SIGN_STYLE = Automatic;
				CURRENT_PROJECT_VERSION = 1;
				DEVELOPMENT_TEAM = B3PWYBKFUK;
				GENERATE_INFOPLIST_FILE = YES;
				IPHONEOS_DEPLOYMENT_TARGET = 15.0;
				LD_RUNPATH_SEARCH_PATHS = (
					"$(inherited)",
					"@executable_path/Frameworks",
					"@loader_path/Frameworks",
				);
				MARKETING_VERSION = 1.0;
				PRODUCT_BUNDLE_IDENTIFIER = com.Gegul.TrackingProgressTests;
				PRODUCT_NAME = "$(TARGET_NAME)";
				SWIFT_EMIT_LOC_STRINGS = NO;
				SWIFT_VERSION = 5.0;
				TARGETED_DEVICE_FAMILY = "1,2";
				TEST_HOST = "$(BUILT_PRODUCTS_DIR)/Booster.app/Booster";
			};
			name = Debug;
		};
		3B31B60C27410470009D9190 /* Release */ = {
			isa = XCBuildConfiguration;
			buildSettings = {
				BUNDLE_LOADER = "$(TEST_HOST)";
				CODE_SIGN_STYLE = Automatic;
				CURRENT_PROJECT_VERSION = 1;
				DEVELOPMENT_TEAM = B3PWYBKFUK;
				GENERATE_INFOPLIST_FILE = YES;
				IPHONEOS_DEPLOYMENT_TARGET = 15.0;
				LD_RUNPATH_SEARCH_PATHS = (
					"$(inherited)",
					"@executable_path/Frameworks",
					"@loader_path/Frameworks",
				);
				MARKETING_VERSION = 1.0;
				PRODUCT_BUNDLE_IDENTIFIER = com.Gegul.TrackingProgressTests;
				PRODUCT_NAME = "$(TARGET_NAME)";
				SWIFT_EMIT_LOC_STRINGS = NO;
				SWIFT_VERSION = 5.0;
				TARGETED_DEVICE_FAMILY = "1,2";
				TEST_HOST = "$(BUILT_PRODUCTS_DIR)/Booster.app/Booster";
			};
			name = Release;
		};
		3B4E3FF6272A696F00577625 /* Debug */ = {
			isa = XCBuildConfiguration;
			buildSettings = {
				ALWAYS_SEARCH_USER_PATHS = NO;
				CLANG_ANALYZER_NONNULL = YES;
				CLANG_ANALYZER_NUMBER_OBJECT_CONVERSION = YES_AGGRESSIVE;
				CLANG_CXX_LANGUAGE_STANDARD = "gnu++17";
				CLANG_CXX_LIBRARY = "libc++";
				CLANG_ENABLE_MODULES = YES;
				CLANG_ENABLE_OBJC_ARC = YES;
				CLANG_ENABLE_OBJC_WEAK = YES;
				CLANG_WARN_BLOCK_CAPTURE_AUTORELEASING = YES;
				CLANG_WARN_BOOL_CONVERSION = YES;
				CLANG_WARN_COMMA = YES;
				CLANG_WARN_CONSTANT_CONVERSION = YES;
				CLANG_WARN_DEPRECATED_OBJC_IMPLEMENTATIONS = YES;
				CLANG_WARN_DIRECT_OBJC_ISA_USAGE = YES_ERROR;
				CLANG_WARN_DOCUMENTATION_COMMENTS = YES;
				CLANG_WARN_EMPTY_BODY = YES;
				CLANG_WARN_ENUM_CONVERSION = YES;
				CLANG_WARN_INFINITE_RECURSION = YES;
				CLANG_WARN_INT_CONVERSION = YES;
				CLANG_WARN_NON_LITERAL_NULL_CONVERSION = YES;
				CLANG_WARN_OBJC_IMPLICIT_RETAIN_SELF = YES;
				CLANG_WARN_OBJC_LITERAL_CONVERSION = YES;
				CLANG_WARN_OBJC_ROOT_CLASS = YES_ERROR;
				CLANG_WARN_QUOTED_INCLUDE_IN_FRAMEWORK_HEADER = YES;
				CLANG_WARN_RANGE_LOOP_ANALYSIS = YES;
				CLANG_WARN_STRICT_PROTOTYPES = YES;
				CLANG_WARN_SUSPICIOUS_MOVE = YES;
				CLANG_WARN_UNGUARDED_AVAILABILITY = YES_AGGRESSIVE;
				CLANG_WARN_UNREACHABLE_CODE = YES;
				CLANG_WARN__DUPLICATE_METHOD_MATCH = YES;
				COPY_PHASE_STRIP = NO;
				DEBUG_INFORMATION_FORMAT = dwarf;
				ENABLE_STRICT_OBJC_MSGSEND = YES;
				ENABLE_TESTABILITY = YES;
				GCC_C_LANGUAGE_STANDARD = gnu11;
				GCC_DYNAMIC_NO_PIC = NO;
				GCC_NO_COMMON_BLOCKS = YES;
				GCC_OPTIMIZATION_LEVEL = 0;
				GCC_PREPROCESSOR_DEFINITIONS = (
					"DEBUG=1",
					"$(inherited)",
				);
				GCC_WARN_64_TO_32_BIT_CONVERSION = YES;
				GCC_WARN_ABOUT_RETURN_TYPE = YES_ERROR;
				GCC_WARN_UNDECLARED_SELECTOR = YES;
				GCC_WARN_UNINITIALIZED_AUTOS = YES_AGGRESSIVE;
				GCC_WARN_UNUSED_FUNCTION = YES;
				GCC_WARN_UNUSED_VARIABLE = YES;
				IPHONEOS_DEPLOYMENT_TARGET = 13.0;
				MTL_ENABLE_DEBUG_INFO = INCLUDE_SOURCE;
				MTL_FAST_MATH = YES;
				ONLY_ACTIVE_ARCH = YES;
				SDKROOT = iphoneos;
				SWIFT_ACTIVE_COMPILATION_CONDITIONS = DEBUG;
				SWIFT_OPTIMIZATION_LEVEL = "-Onone";
			};
			name = Debug;
		};
		3B4E3FF7272A696F00577625 /* Release */ = {
			isa = XCBuildConfiguration;
			buildSettings = {
				ALWAYS_SEARCH_USER_PATHS = NO;
				CLANG_ANALYZER_NONNULL = YES;
				CLANG_ANALYZER_NUMBER_OBJECT_CONVERSION = YES_AGGRESSIVE;
				CLANG_CXX_LANGUAGE_STANDARD = "gnu++17";
				CLANG_CXX_LIBRARY = "libc++";
				CLANG_ENABLE_MODULES = YES;
				CLANG_ENABLE_OBJC_ARC = YES;
				CLANG_ENABLE_OBJC_WEAK = YES;
				CLANG_WARN_BLOCK_CAPTURE_AUTORELEASING = YES;
				CLANG_WARN_BOOL_CONVERSION = YES;
				CLANG_WARN_COMMA = YES;
				CLANG_WARN_CONSTANT_CONVERSION = YES;
				CLANG_WARN_DEPRECATED_OBJC_IMPLEMENTATIONS = YES;
				CLANG_WARN_DIRECT_OBJC_ISA_USAGE = YES_ERROR;
				CLANG_WARN_DOCUMENTATION_COMMENTS = YES;
				CLANG_WARN_EMPTY_BODY = YES;
				CLANG_WARN_ENUM_CONVERSION = YES;
				CLANG_WARN_INFINITE_RECURSION = YES;
				CLANG_WARN_INT_CONVERSION = YES;
				CLANG_WARN_NON_LITERAL_NULL_CONVERSION = YES;
				CLANG_WARN_OBJC_IMPLICIT_RETAIN_SELF = YES;
				CLANG_WARN_OBJC_LITERAL_CONVERSION = YES;
				CLANG_WARN_OBJC_ROOT_CLASS = YES_ERROR;
				CLANG_WARN_QUOTED_INCLUDE_IN_FRAMEWORK_HEADER = YES;
				CLANG_WARN_RANGE_LOOP_ANALYSIS = YES;
				CLANG_WARN_STRICT_PROTOTYPES = YES;
				CLANG_WARN_SUSPICIOUS_MOVE = YES;
				CLANG_WARN_UNGUARDED_AVAILABILITY = YES_AGGRESSIVE;
				CLANG_WARN_UNREACHABLE_CODE = YES;
				CLANG_WARN__DUPLICATE_METHOD_MATCH = YES;
				COPY_PHASE_STRIP = NO;
				DEBUG_INFORMATION_FORMAT = "dwarf-with-dsym";
				ENABLE_NS_ASSERTIONS = NO;
				ENABLE_STRICT_OBJC_MSGSEND = YES;
				GCC_C_LANGUAGE_STANDARD = gnu11;
				GCC_NO_COMMON_BLOCKS = YES;
				GCC_WARN_64_TO_32_BIT_CONVERSION = YES;
				GCC_WARN_ABOUT_RETURN_TYPE = YES_ERROR;
				GCC_WARN_UNDECLARED_SELECTOR = YES;
				GCC_WARN_UNINITIALIZED_AUTOS = YES_AGGRESSIVE;
				GCC_WARN_UNUSED_FUNCTION = YES;
				GCC_WARN_UNUSED_VARIABLE = YES;
				IPHONEOS_DEPLOYMENT_TARGET = 13.0;
				MTL_ENABLE_DEBUG_INFO = NO;
				MTL_FAST_MATH = YES;
				SDKROOT = iphoneos;
				SWIFT_COMPILATION_MODE = wholemodule;
				SWIFT_OPTIMIZATION_LEVEL = "-O";
				VALIDATE_PRODUCT = YES;
			};
			name = Release;
		};
		3B4E3FF9272A696F00577625 /* Debug */ = {
			isa = XCBuildConfiguration;
			baseConfigurationReference = 724D72817F933E7C4E0AA2A8 /* Pods-Booster.debug.xcconfig */;
			buildSettings = {
				ASSETCATALOG_COMPILER_APPICON_NAME = AppIcon;
				ASSETCATALOG_COMPILER_GLOBAL_ACCENT_COLOR_NAME = AccentColor;
				CODE_SIGN_ENTITLEMENTS = Booster/Booster.entitlements;
				CODE_SIGN_STYLE = Automatic;
				CURRENT_PROJECT_VERSION = 1;
				DEVELOPMENT_TEAM = B3PWYBKFUK;
				GENERATE_INFOPLIST_FILE = YES;
				INFOPLIST_FILE = Booster/Resources/Info.plist;
				INFOPLIST_KEY_NSCameraUsageDescription = "마일스톤에 들어갈 사진을 찍기 위해 촬영 권한이 필요합니다";
				INFOPLIST_KEY_NSHealthClinicalHealthRecordsShareUsageDescription = "건강 정보를 보여주기 위해 권한이 필요합니다";
				INFOPLIST_KEY_NSHealthShareUsageDescription = "만보기 기능을 위해 당신의 걸음 수를 공유합니다";
				INFOPLIST_KEY_NSHealthUpdateUsageDescription = "만보기 기능을 업데이트 하기 위해 필요합니다";
				INFOPLIST_KEY_NSLocationAlwaysAndWhenInUseUsageDescription = "트래킹 및 현재 위치를 보여주기 위해 권한이 필요합니다";
				INFOPLIST_KEY_NSLocationUsageDescription = "트래킹 및 현재 위치를 보여주기 위해 권한이 필요합니다";
				INFOPLIST_KEY_NSLocationWhenInUseUsageDescription = "트래킹 및 현재 위치를 보여주기 위해 권한이 필요합니다";
				INFOPLIST_KEY_NSMotionUsageDescription = "걸음 수 트래킹을 위해 권한이 필요합니다";
				INFOPLIST_KEY_UIApplicationSupportsIndirectInputEvents = YES;
				INFOPLIST_KEY_UILaunchStoryboardName = LaunchScreen;
				INFOPLIST_KEY_UIMainStoryboardFile = Main;
				INFOPLIST_KEY_UISupportedInterfaceOrientations = UIInterfaceOrientationPortrait;
				INFOPLIST_KEY_UISupportedInterfaceOrientations_iPad = "UIInterfaceOrientationPortrait UIInterfaceOrientationPortraitUpsideDown UIInterfaceOrientationLandscapeLeft UIInterfaceOrientationLandscapeRight";
				INFOPLIST_KEY_UISupportedInterfaceOrientations_iPhone = "UIInterfaceOrientationPortrait UIInterfaceOrientationLandscapeLeft UIInterfaceOrientationLandscapeRight";
				IPHONEOS_DEPLOYMENT_TARGET = 13.0;
				LD_RUNPATH_SEARCH_PATHS = (
					"$(inherited)",
					"@executable_path/Frameworks",
				);
				MARKETING_VERSION = 1.0;
				PRODUCT_BUNDLE_IDENTIFIER = com.Gegul.Booster;
				PRODUCT_NAME = "$(TARGET_NAME)";
				SWIFT_EMIT_LOC_STRINGS = YES;
				SWIFT_VERSION = 5.0;
				TARGETED_DEVICE_FAMILY = "1,2";
			};
			name = Debug;
		};
		3B4E3FFA272A696F00577625 /* Release */ = {
			isa = XCBuildConfiguration;
			baseConfigurationReference = 8D78C31C95AB74973F44C701 /* Pods-Booster.release.xcconfig */;
			buildSettings = {
				ASSETCATALOG_COMPILER_APPICON_NAME = AppIcon;
				ASSETCATALOG_COMPILER_GLOBAL_ACCENT_COLOR_NAME = AccentColor;
				CODE_SIGN_ENTITLEMENTS = Booster/Booster.entitlements;
				CODE_SIGN_STYLE = Automatic;
				CURRENT_PROJECT_VERSION = 1;
				DEVELOPMENT_TEAM = B3PWYBKFUK;
				GENERATE_INFOPLIST_FILE = YES;
				INFOPLIST_FILE = Booster/Resources/Info.plist;
				INFOPLIST_KEY_NSCameraUsageDescription = "마일스톤에 들어갈 사진을 찍기 위해 촬영 권한이 필요합니다";
				INFOPLIST_KEY_NSHealthClinicalHealthRecordsShareUsageDescription = "건강 정보를 보여주기 위해 권한이 필요합니다";
				INFOPLIST_KEY_NSHealthShareUsageDescription = "만보기 기능을 위해 당신의 걸음 수를 공유합니다";
				INFOPLIST_KEY_NSHealthUpdateUsageDescription = "만보기 기능을 업데이트 하기 위해 필요합니다";
				INFOPLIST_KEY_NSLocationAlwaysAndWhenInUseUsageDescription = "트래킹 및 현재 위치를 보여주기 위해 권한이 필요합니다";
				INFOPLIST_KEY_NSLocationUsageDescription = "트래킹 및 현재 위치를 보여주기 위해 권한이 필요합니다";
				INFOPLIST_KEY_NSLocationWhenInUseUsageDescription = "트래킹 및 현재 위치를 보여주기 위해 권한이 필요합니다";
				INFOPLIST_KEY_NSMotionUsageDescription = "걸음 수 트래킹을 위해 권한이 필요합니다";
				INFOPLIST_KEY_UIApplicationSupportsIndirectInputEvents = YES;
				INFOPLIST_KEY_UILaunchStoryboardName = LaunchScreen;
				INFOPLIST_KEY_UIMainStoryboardFile = Main;
				INFOPLIST_KEY_UISupportedInterfaceOrientations = UIInterfaceOrientationPortrait;
				INFOPLIST_KEY_UISupportedInterfaceOrientations_iPad = "UIInterfaceOrientationPortrait UIInterfaceOrientationPortraitUpsideDown UIInterfaceOrientationLandscapeLeft UIInterfaceOrientationLandscapeRight";
				INFOPLIST_KEY_UISupportedInterfaceOrientations_iPhone = "UIInterfaceOrientationPortrait UIInterfaceOrientationLandscapeLeft UIInterfaceOrientationLandscapeRight";
				IPHONEOS_DEPLOYMENT_TARGET = 13.0;
				LD_RUNPATH_SEARCH_PATHS = (
					"$(inherited)",
					"@executable_path/Frameworks",
				);
				MARKETING_VERSION = 1.0;
				PRODUCT_BUNDLE_IDENTIFIER = com.Gegul.Booster;
				PRODUCT_NAME = "$(TARGET_NAME)";
				SWIFT_EMIT_LOC_STRINGS = YES;
				SWIFT_VERSION = 5.0;
				TARGETED_DEVICE_FAMILY = "1,2";
			};
			name = Release;
		};
/* End XCBuildConfiguration section */

/* Begin XCConfigurationList section */
		37852AD2273C27F100BA3D67 /* Build configuration list for PBXNativeTarget "StatisticsTests" */ = {
			isa = XCConfigurationList;
			buildConfigurations = (
				37852AD3273C27F100BA3D67 /* Debug */,
				37852AD4273C27F100BA3D67 /* Release */,
			);
			defaultConfigurationIsVisible = 0;
			defaultConfigurationName = Release;
		};
		3B31B60D27410470009D9190 /* Build configuration list for PBXNativeTarget "TrackingProgressTests" */ = {
			isa = XCConfigurationList;
			buildConfigurations = (
				3B31B60B27410470009D9190 /* Debug */,
				3B31B60C27410470009D9190 /* Release */,
			);
			defaultConfigurationIsVisible = 0;
			defaultConfigurationName = Release;
		};
		3B4E3FDF272A696E00577625 /* Build configuration list for PBXProject "Booster" */ = {
			isa = XCConfigurationList;
			buildConfigurations = (
				3B4E3FF6272A696F00577625 /* Debug */,
				3B4E3FF7272A696F00577625 /* Release */,
			);
			defaultConfigurationIsVisible = 0;
			defaultConfigurationName = Release;
		};
		3B4E3FF8272A696F00577625 /* Build configuration list for PBXNativeTarget "Booster" */ = {
			isa = XCConfigurationList;
			buildConfigurations = (
				3B4E3FF9272A696F00577625 /* Debug */,
				3B4E3FFA272A696F00577625 /* Release */,
			);
			defaultConfigurationIsVisible = 0;
			defaultConfigurationName = Release;
		};
/* End XCConfigurationList section */

/* Begin XCVersionGroup section */
		FA614F2A2733CDAA00B090D9 /* Booster.xcdatamodeld */ = {
			isa = XCVersionGroup;
			children = (
				FA614F2B2733CDAA00B090D9 /* Booster.xcdatamodel */,
			);
			currentVersion = FA614F2B2733CDAA00B090D9 /* Booster.xcdatamodel */;
			path = Booster.xcdatamodeld;
			sourceTree = "<group>";
			versionGroupType = wrapper.xcdatamodel;
		};
/* End XCVersionGroup section */
	};
	rootObject = 3B4E3FDC272A696E00577625 /* Project object */;
}
