// !$*UTF8*$!
{
	archiveVersion = 1;
	classes = {
	};
	objectVersion = 55;
	objects = {

/* Begin PBXBuildFile section */
		1C3613AE7D2A68CE3264FA35 /* Pods_Booster.framework in Frameworks */ = {isa = PBXBuildFile; fileRef = FFF67BAD0AE292F3B50AE991 /* Pods_Booster.framework */; };
		3B4E3FE8272A696E00577625 /* AppDelegate.swift in Sources */ = {isa = PBXBuildFile; fileRef = 3B4E3FE7272A696E00577625 /* AppDelegate.swift */; };
		3B4E3FEA272A696E00577625 /* SceneDelegate.swift in Sources */ = {isa = PBXBuildFile; fileRef = 3B4E3FE9272A696E00577625 /* SceneDelegate.swift */; };
		3B4E3FEC272A696E00577625 /* ViewController.swift in Sources */ = {isa = PBXBuildFile; fileRef = 3B4E3FEB272A696E00577625 /* ViewController.swift */; };
		3B4E3FEF272A696E00577625 /* Main.storyboard in Resources */ = {isa = PBXBuildFile; fileRef = 3B4E3FED272A696E00577625 /* Main.storyboard */; };
		3B4E3FF1272A696F00577625 /* Assets.xcassets in Resources */ = {isa = PBXBuildFile; fileRef = 3B4E3FF0272A696F00577625 /* Assets.xcassets */; };
		3B4E3FF4272A696F00577625 /* LaunchScreen.storyboard in Resources */ = {isa = PBXBuildFile; fileRef = 3B4E3FF2272A696F00577625 /* LaunchScreen.storyboard */; };
		3B4E4006272A6B5200577625 /* .swiftlint.yml in Resources */ = {isa = PBXBuildFile; fileRef = 3B4E4005272A6B5200577625 /* .swiftlint.yml */; };
		3BB7E68A272AA0CC00103205 /* BAZARONI.TTF in Resources */ = {isa = PBXBuildFile; fileRef = 3BB7E689272AA0CC00103205 /* BAZARONI.TTF */; };
		3BB7E68D272AA13B00103205 /* UIFont.swift in Sources */ = {isa = PBXBuildFile; fileRef = 3BB7E68C272AA13B00103205 /* UIFont.swift */; };
		3BB7E694272AD07B00103205 /* NotoSansKR-Thin.otf in Resources */ = {isa = PBXBuildFile; fileRef = 3BB7E68E272AD07A00103205 /* NotoSansKR-Thin.otf */; };
		3BB7E695272AD07B00103205 /* NotoSansKR-Medium.otf in Resources */ = {isa = PBXBuildFile; fileRef = 3BB7E68F272AD07A00103205 /* NotoSansKR-Medium.otf */; };
		3BB7E696272AD07B00103205 /* NotoSansKR-Light.otf in Resources */ = {isa = PBXBuildFile; fileRef = 3BB7E690272AD07B00103205 /* NotoSansKR-Light.otf */; };
		3BB7E697272AD07B00103205 /* NotoSansKR-Bold.otf in Resources */ = {isa = PBXBuildFile; fileRef = 3BB7E691272AD07B00103205 /* NotoSansKR-Bold.otf */; };
		3BB7E698272AD07B00103205 /* NotoSansKR-Black.otf in Resources */ = {isa = PBXBuildFile; fileRef = 3BB7E692272AD07B00103205 /* NotoSansKR-Black.otf */; };
		3BB7E699272AD07B00103205 /* NotoSansKR-Regular.otf in Resources */ = {isa = PBXBuildFile; fileRef = 3BB7E693272AD07B00103205 /* NotoSansKR-Regular.otf */; };
		FAB73315272A707200E1D824 /* Home.storyboard in Resources */ = {isa = PBXBuildFile; fileRef = FAB73314272A707200E1D824 /* Home.storyboard */; };
		FAB73317272A707B00E1D824 /* Tracking.storyboard in Resources */ = {isa = PBXBuildFile; fileRef = FAB73316272A707B00E1D824 /* Tracking.storyboard */; };
		FAB73319272A708A00E1D824 /* Analysis.storyboard in Resources */ = {isa = PBXBuildFile; fileRef = FAB73318272A708A00E1D824 /* Analysis.storyboard */; };
		FAB7331B272A709300E1D824 /* MyPage.storyboard in Resources */ = {isa = PBXBuildFile; fileRef = FAB7331A272A709300E1D824 /* MyPage.storyboard */; };
		FAB7331D272A70A000E1D824 /* Feed.storyboard in Resources */ = {isa = PBXBuildFile; fileRef = FAB7331C272A70A000E1D824 /* Feed.storyboard */; };
/* End PBXBuildFile section */

/* Begin PBXFileReference section */
		2765B4B3651662BDB6E801D4 /* Pods-Booster.debug.xcconfig */ = {isa = PBXFileReference; includeInIndex = 1; lastKnownFileType = text.xcconfig; name = "Pods-Booster.debug.xcconfig"; path = "Target Support Files/Pods-Booster/Pods-Booster.debug.xcconfig"; sourceTree = "<group>"; };
		32F204ADAD4BAE4318631952 /* Pods-Booster.release.xcconfig */ = {isa = PBXFileReference; includeInIndex = 1; lastKnownFileType = text.xcconfig; name = "Pods-Booster.release.xcconfig"; path = "Target Support Files/Pods-Booster/Pods-Booster.release.xcconfig"; sourceTree = "<group>"; };
		3B4E3FE4272A696E00577625 /* Booster.app */ = {isa = PBXFileReference; explicitFileType = wrapper.application; includeInIndex = 0; path = Booster.app; sourceTree = BUILT_PRODUCTS_DIR; };
		3B4E3FE7272A696E00577625 /* AppDelegate.swift */ = {isa = PBXFileReference; lastKnownFileType = sourcecode.swift; path = AppDelegate.swift; sourceTree = "<group>"; };
		3B4E3FE9272A696E00577625 /* SceneDelegate.swift */ = {isa = PBXFileReference; lastKnownFileType = sourcecode.swift; path = SceneDelegate.swift; sourceTree = "<group>"; };
		3B4E3FEB272A696E00577625 /* ViewController.swift */ = {isa = PBXFileReference; lastKnownFileType = sourcecode.swift; path = ViewController.swift; sourceTree = "<group>"; };
		3B4E3FEE272A696E00577625 /* Base */ = {isa = PBXFileReference; lastKnownFileType = file.storyboard; name = Base; path = Base.lproj/Main.storyboard; sourceTree = "<group>"; };
		3B4E3FF0272A696F00577625 /* Assets.xcassets */ = {isa = PBXFileReference; lastKnownFileType = folder.assetcatalog; path = Assets.xcassets; sourceTree = "<group>"; };
		3B4E3FF3272A696F00577625 /* Base */ = {isa = PBXFileReference; lastKnownFileType = file.storyboard; name = Base; path = Base.lproj/LaunchScreen.storyboard; sourceTree = "<group>"; };
		3B4E3FF5272A696F00577625 /* Info.plist */ = {isa = PBXFileReference; lastKnownFileType = text.plist.xml; path = Info.plist; sourceTree = "<group>"; };
		3B4E4005272A6B5200577625 /* .swiftlint.yml */ = {isa = PBXFileReference; lastKnownFileType = text.yaml; path = .swiftlint.yml; sourceTree = "<group>"; };
		3BB7E689272AA0CC00103205 /* BAZARONI.TTF */ = {isa = PBXFileReference; lastKnownFileType = file; path = BAZARONI.TTF; sourceTree = "<group>"; };
		3BB7E68C272AA13B00103205 /* UIFont.swift */ = {isa = PBXFileReference; lastKnownFileType = sourcecode.swift; path = UIFont.swift; sourceTree = "<group>"; };
		3BB7E68E272AD07A00103205 /* NotoSansKR-Thin.otf */ = {isa = PBXFileReference; lastKnownFileType = file; path = "NotoSansKR-Thin.otf"; sourceTree = "<group>"; };
		3BB7E68F272AD07A00103205 /* NotoSansKR-Medium.otf */ = {isa = PBXFileReference; lastKnownFileType = file; path = "NotoSansKR-Medium.otf"; sourceTree = "<group>"; };
		3BB7E690272AD07B00103205 /* NotoSansKR-Light.otf */ = {isa = PBXFileReference; lastKnownFileType = file; path = "NotoSansKR-Light.otf"; sourceTree = "<group>"; };
		3BB7E691272AD07B00103205 /* NotoSansKR-Bold.otf */ = {isa = PBXFileReference; lastKnownFileType = file; path = "NotoSansKR-Bold.otf"; sourceTree = "<group>"; };
		3BB7E692272AD07B00103205 /* NotoSansKR-Black.otf */ = {isa = PBXFileReference; lastKnownFileType = file; path = "NotoSansKR-Black.otf"; sourceTree = "<group>"; };
		3BB7E693272AD07B00103205 /* NotoSansKR-Regular.otf */ = {isa = PBXFileReference; lastKnownFileType = file; path = "NotoSansKR-Regular.otf"; sourceTree = "<group>"; };
		FAB73314272A707200E1D824 /* Home.storyboard */ = {isa = PBXFileReference; lastKnownFileType = file.storyboard; path = Home.storyboard; sourceTree = "<group>"; };
		FAB73316272A707B00E1D824 /* Tracking.storyboard */ = {isa = PBXFileReference; lastKnownFileType = file.storyboard; path = Tracking.storyboard; sourceTree = "<group>"; };
		FAB73318272A708A00E1D824 /* Analysis.storyboard */ = {isa = PBXFileReference; lastKnownFileType = file.storyboard; path = Analysis.storyboard; sourceTree = "<group>"; };
		FAB7331A272A709300E1D824 /* MyPage.storyboard */ = {isa = PBXFileReference; lastKnownFileType = file.storyboard; path = MyPage.storyboard; sourceTree = "<group>"; };
		FAB7331C272A70A000E1D824 /* Feed.storyboard */ = {isa = PBXFileReference; lastKnownFileType = file.storyboard; path = Feed.storyboard; sourceTree = "<group>"; };
		FFF67BAD0AE292F3B50AE991 /* Pods_Booster.framework */ = {isa = PBXFileReference; explicitFileType = wrapper.framework; includeInIndex = 0; path = Pods_Booster.framework; sourceTree = BUILT_PRODUCTS_DIR; };
/* End PBXFileReference section */

/* Begin PBXFrameworksBuildPhase section */
		3B4E3FE1272A696E00577625 /* Frameworks */ = {
			isa = PBXFrameworksBuildPhase;
			buildActionMask = 2147483647;
			files = (
				1C3613AE7D2A68CE3264FA35 /* Pods_Booster.framework in Frameworks */,
			);
			runOnlyForDeploymentPostprocessing = 0;
		};
/* End PBXFrameworksBuildPhase section */

/* Begin PBXGroup section */
		1CF21C398E7000BBC1BD4E07 /* Frameworks */ = {
			isa = PBXGroup;
			children = (
				FFF67BAD0AE292F3B50AE991 /* Pods_Booster.framework */,
			);
			name = Frameworks;
			sourceTree = "<group>";
		};
		3B4E3FDB272A696E00577625 = {
			isa = PBXGroup;
			children = (
				3B4E4005272A6B5200577625 /* .swiftlint.yml */,
				3B4E3FE6272A696E00577625 /* Booster */,
				3B4E3FE5272A696E00577625 /* Products */,
				E0CC376E0FACA7149AEAB802 /* Pods */,
				1CF21C398E7000BBC1BD4E07 /* Frameworks */,
			);
			sourceTree = "<group>";
		};
		3B4E3FE5272A696E00577625 /* Products */ = {
			isa = PBXGroup;
			children = (
				3B4E3FE4272A696E00577625 /* Booster.app */,
			);
			name = Products;
			sourceTree = "<group>";
		};
		3B4E3FE6272A696E00577625 /* Booster */ = {
			isa = PBXGroup;
			children = (
				3BB7E68B272AA12C00103205 /* Extensions */,
				3B4E4008272A6CD500577625 /* Models */,
				3B4E4003272A6A2B00577625 /* AppDelegates */,
				3B4E4002272A69F400577625 /* Repositories */,
				3B4E4001272A69ED00577625 /* ViewModels */,
				3B4E3FFF272A69D500577625 /* Views */,
				3B4E3FFE272A69B700577625 /* Resources */,
				3B4E3FFC272A698B00577625 /* ViewControllers */,
				3B4E3FFB272A697B00577625 /* Storyboards */,
			);
			path = Booster;
			sourceTree = "<group>";
		};
		3B4E3FFB272A697B00577625 /* Storyboards */ = {
			isa = PBXGroup;
			children = (
				3B4E3FF2272A696F00577625 /* LaunchScreen.storyboard */,
				3B4E3FED272A696E00577625 /* Main.storyboard */,
				FAB73314272A707200E1D824 /* Home.storyboard */,
				FAB73316272A707B00E1D824 /* Tracking.storyboard */,
				FAB73318272A708A00E1D824 /* Analysis.storyboard */,
				FAB7331A272A709300E1D824 /* MyPage.storyboard */,
				FAB7331C272A70A000E1D824 /* Feed.storyboard */,
			);
			path = Storyboards;
			sourceTree = "<group>";
		};
		3B4E3FFC272A698B00577625 /* ViewControllers */ = {
			isa = PBXGroup;
			children = (
				3B4E3FEB272A696E00577625 /* ViewController.swift */,
			);
			path = ViewControllers;
			sourceTree = "<group>";
		};
		3B4E3FFE272A69B700577625 /* Resources */ = {
			isa = PBXGroup;
			children = (
				3BB7E688272AA0BF00103205 /* Fonts */,
				3B4E3FF5272A696F00577625 /* Info.plist */,
				3B4E3FF0272A696F00577625 /* Assets.xcassets */,
			);
			path = Resources;
			sourceTree = "<group>";
		};
		3B4E3FFF272A69D500577625 /* Views */ = {
			isa = PBXGroup;
			children = (
			);
			path = Views;
			sourceTree = "<group>";
		};
		3B4E4001272A69ED00577625 /* ViewModels */ = {
			isa = PBXGroup;
			children = (
			);
			path = ViewModels;
			sourceTree = "<group>";
		};
		3B4E4002272A69F400577625 /* Repositories */ = {
			isa = PBXGroup;
			children = (
			);
			path = Repositories;
			sourceTree = "<group>";
		};
		3B4E4003272A6A2B00577625 /* AppDelegates */ = {
			isa = PBXGroup;
			children = (
				3B4E3FE9272A696E00577625 /* SceneDelegate.swift */,
				3B4E3FE7272A696E00577625 /* AppDelegate.swift */,
			);
			path = AppDelegates;
			sourceTree = "<group>";
		};
		3B4E4008272A6CD500577625 /* Models */ = {
			isa = PBXGroup;
			children = (
			);
			path = Models;
			sourceTree = "<group>";
		};
		3BB7E688272AA0BF00103205 /* Fonts */ = {
			isa = PBXGroup;
			children = (
				3BB7E692272AD07B00103205 /* NotoSansKR-Black.otf */,
				3BB7E691272AD07B00103205 /* NotoSansKR-Bold.otf */,
				3BB7E690272AD07B00103205 /* NotoSansKR-Light.otf */,
				3BB7E68F272AD07A00103205 /* NotoSansKR-Medium.otf */,
				3BB7E693272AD07B00103205 /* NotoSansKR-Regular.otf */,
				3BB7E68E272AD07A00103205 /* NotoSansKR-Thin.otf */,
				3BB7E689272AA0CC00103205 /* BAZARONI.TTF */,
			);
			path = Fonts;
			sourceTree = "<group>";
		};
		3BB7E68B272AA12C00103205 /* Extensions */ = {
			isa = PBXGroup;
			children = (
				3BB7E68C272AA13B00103205 /* UIFont.swift */,
			);
			path = Extensions;
			sourceTree = "<group>";
		};
		E0CC376E0FACA7149AEAB802 /* Pods */ = {
			isa = PBXGroup;
			children = (
				2765B4B3651662BDB6E801D4 /* Pods-Booster.debug.xcconfig */,
				32F204ADAD4BAE4318631952 /* Pods-Booster.release.xcconfig */,
			);
			path = Pods;
			sourceTree = "<group>";
		};
/* End PBXGroup section */

/* Begin PBXNativeTarget section */
		3B4E3FE3272A696E00577625 /* Booster */ = {
			isa = PBXNativeTarget;
			buildConfigurationList = 3B4E3FF8272A696F00577625 /* Build configuration list for PBXNativeTarget "Booster" */;
			buildPhases = (
				17B93956148470E42ACF91BA /* [CP] Check Pods Manifest.lock */,
				3B4E3FE0272A696E00577625 /* Sources */,
				3B4E3FE1272A696E00577625 /* Frameworks */,
				3B4E3FE2272A696E00577625 /* Resources */,
				3B4E4004272A6AF200577625 /* ShellScript */,
			);
			buildRules = (
			);
			dependencies = (
			);
			name = Booster;
			productName = Booster;
			productReference = 3B4E3FE4272A696E00577625 /* Booster.app */;
			productType = "com.apple.product-type.application";
		};
/* End PBXNativeTarget section */

/* Begin PBXProject section */
		3B4E3FDC272A696E00577625 /* Project object */ = {
			isa = PBXProject;
			attributes = {
				BuildIndependentTargetsInParallel = 1;
				LastSwiftUpdateCheck = 1310;
				LastUpgradeCheck = 1310;
				TargetAttributes = {
					3B4E3FE3272A696E00577625 = {
						CreatedOnToolsVersion = 13.1;
					};
				};
			};
			buildConfigurationList = 3B4E3FDF272A696E00577625 /* Build configuration list for PBXProject "Booster" */;
			compatibilityVersion = "Xcode 13.0";
			developmentRegion = en;
			hasScannedForEncodings = 0;
			knownRegions = (
				en,
				Base,
			);
			mainGroup = 3B4E3FDB272A696E00577625;
			productRefGroup = 3B4E3FE5272A696E00577625 /* Products */;
			projectDirPath = "";
			projectRoot = "";
			targets = (
				3B4E3FE3272A696E00577625 /* Booster */,
			);
		};
/* End PBXProject section */

/* Begin PBXResourcesBuildPhase section */
		3B4E3FE2272A696E00577625 /* Resources */ = {
			isa = PBXResourcesBuildPhase;
			buildActionMask = 2147483647;
			files = (
				3BB7E695272AD07B00103205 /* NotoSansKR-Medium.otf in Resources */,
				3BB7E68A272AA0CC00103205 /* BAZARONI.TTF in Resources */,
				FAB73319272A708A00E1D824 /* Analysis.storyboard in Resources */,
				3BB7E698272AD07B00103205 /* NotoSansKR-Black.otf in Resources */,
				3B4E4006272A6B5200577625 /* .swiftlint.yml in Resources */,
				FAB7331D272A70A000E1D824 /* Feed.storyboard in Resources */,
				FAB73315272A707200E1D824 /* Home.storyboard in Resources */,
				FAB7331B272A709300E1D824 /* MyPage.storyboard in Resources */,
				3B4E3FF4272A696F00577625 /* LaunchScreen.storyboard in Resources */,
				3BB7E697272AD07B00103205 /* NotoSansKR-Bold.otf in Resources */,
				FAB73317272A707B00E1D824 /* Tracking.storyboard in Resources */,
				3B4E3FF1272A696F00577625 /* Assets.xcassets in Resources */,
				3BB7E696272AD07B00103205 /* NotoSansKR-Light.otf in Resources */,
				3BB7E694272AD07B00103205 /* NotoSansKR-Thin.otf in Resources */,
				3BB7E699272AD07B00103205 /* NotoSansKR-Regular.otf in Resources */,
				3B4E3FEF272A696E00577625 /* Main.storyboard in Resources */,
			);
			runOnlyForDeploymentPostprocessing = 0;
		};
/* End PBXResourcesBuildPhase section */

/* Begin PBXShellScriptBuildPhase section */
		17B93956148470E42ACF91BA /* [CP] Check Pods Manifest.lock */ = {
			isa = PBXShellScriptBuildPhase;
			buildActionMask = 2147483647;
			files = (
			);
			inputFileListPaths = (
			);
			inputPaths = (
				"${PODS_PODFILE_DIR_PATH}/Podfile.lock",
				"${PODS_ROOT}/Manifest.lock",
			);
			name = "[CP] Check Pods Manifest.lock";
			outputFileListPaths = (
			);
			outputPaths = (
				"$(DERIVED_FILE_DIR)/Pods-Booster-checkManifestLockResult.txt",
			);
			runOnlyForDeploymentPostprocessing = 0;
			shellPath = /bin/sh;
			shellScript = "diff \"${PODS_PODFILE_DIR_PATH}/Podfile.lock\" \"${PODS_ROOT}/Manifest.lock\" > /dev/null\nif [ $? != 0 ] ; then\n    # print error to STDERR\n    echo \"error: The sandbox is not in sync with the Podfile.lock. Run 'pod install' or update your CocoaPods installation.\" >&2\n    exit 1\nfi\n# This output is used by Xcode 'outputs' to avoid re-running this script phase.\necho \"SUCCESS\" > \"${SCRIPT_OUTPUT_FILE_0}\"\n";
			showEnvVarsInLog = 0;
		};
		3B4E4004272A6AF200577625 /* ShellScript */ = {
			isa = PBXShellScriptBuildPhase;
			buildActionMask = 2147483647;
			files = (
			);
			inputFileListPaths = (
			);
			inputPaths = (
			);
			outputFileListPaths = (
			);
			outputPaths = (
			);
			runOnlyForDeploymentPostprocessing = 0;
			shellPath = /bin/sh;
			shellScript = "${PODS_ROOT}/SwiftLint/swiftlint autocorrect\n";
		};
/* End PBXShellScriptBuildPhase section */

/* Begin PBXSourcesBuildPhase section */
		3B4E3FE0272A696E00577625 /* Sources */ = {
			isa = PBXSourcesBuildPhase;
			buildActionMask = 2147483647;
			files = (
				3BB7E68D272AA13B00103205 /* UIFont.swift in Sources */,
				3B4E3FEC272A696E00577625 /* ViewController.swift in Sources */,
				3B4E3FE8272A696E00577625 /* AppDelegate.swift in Sources */,
				3B4E3FEA272A696E00577625 /* SceneDelegate.swift in Sources */,
			);
			runOnlyForDeploymentPostprocessing = 0;
		};
/* End PBXSourcesBuildPhase section */

/* Begin PBXVariantGroup section */
		3B4E3FED272A696E00577625 /* Main.storyboard */ = {
			isa = PBXVariantGroup;
			children = (
				3B4E3FEE272A696E00577625 /* Base */,
			);
			name = Main.storyboard;
			sourceTree = "<group>";
		};
		3B4E3FF2272A696F00577625 /* LaunchScreen.storyboard */ = {
			isa = PBXVariantGroup;
			children = (
				3B4E3FF3272A696F00577625 /* Base */,
			);
			name = LaunchScreen.storyboard;
			sourceTree = "<group>";
		};
/* End PBXVariantGroup section */

/* Begin XCBuildConfiguration section */
		3B4E3FF6272A696F00577625 /* Debug */ = {
			isa = XCBuildConfiguration;
			buildSettings = {
				ALWAYS_SEARCH_USER_PATHS = NO;
				CLANG_ANALYZER_NONNULL = YES;
				CLANG_ANALYZER_NUMBER_OBJECT_CONVERSION = YES_AGGRESSIVE;
				CLANG_CXX_LANGUAGE_STANDARD = "gnu++17";
				CLANG_CXX_LIBRARY = "libc++";
				CLANG_ENABLE_MODULES = YES;
				CLANG_ENABLE_OBJC_ARC = YES;
				CLANG_ENABLE_OBJC_WEAK = YES;
				CLANG_WARN_BLOCK_CAPTURE_AUTORELEASING = YES;
				CLANG_WARN_BOOL_CONVERSION = YES;
				CLANG_WARN_COMMA = YES;
				CLANG_WARN_CONSTANT_CONVERSION = YES;
				CLANG_WARN_DEPRECATED_OBJC_IMPLEMENTATIONS = YES;
				CLANG_WARN_DIRECT_OBJC_ISA_USAGE = YES_ERROR;
				CLANG_WARN_DOCUMENTATION_COMMENTS = YES;
				CLANG_WARN_EMPTY_BODY = YES;
				CLANG_WARN_ENUM_CONVERSION = YES;
				CLANG_WARN_INFINITE_RECURSION = YES;
				CLANG_WARN_INT_CONVERSION = YES;
				CLANG_WARN_NON_LITERAL_NULL_CONVERSION = YES;
				CLANG_WARN_OBJC_IMPLICIT_RETAIN_SELF = YES;
				CLANG_WARN_OBJC_LITERAL_CONVERSION = YES;
				CLANG_WARN_OBJC_ROOT_CLASS = YES_ERROR;
				CLANG_WARN_QUOTED_INCLUDE_IN_FRAMEWORK_HEADER = YES;
				CLANG_WARN_RANGE_LOOP_ANALYSIS = YES;
				CLANG_WARN_STRICT_PROTOTYPES = YES;
				CLANG_WARN_SUSPICIOUS_MOVE = YES;
				CLANG_WARN_UNGUARDED_AVAILABILITY = YES_AGGRESSIVE;
				CLANG_WARN_UNREACHABLE_CODE = YES;
				CLANG_WARN__DUPLICATE_METHOD_MATCH = YES;
				COPY_PHASE_STRIP = NO;
				DEBUG_INFORMATION_FORMAT = dwarf;
				ENABLE_STRICT_OBJC_MSGSEND = YES;
				ENABLE_TESTABILITY = YES;
				GCC_C_LANGUAGE_STANDARD = gnu11;
				GCC_DYNAMIC_NO_PIC = NO;
				GCC_NO_COMMON_BLOCKS = YES;
				GCC_OPTIMIZATION_LEVEL = 0;
				GCC_PREPROCESSOR_DEFINITIONS = (
					"DEBUG=1",
					"$(inherited)",
				);
				GCC_WARN_64_TO_32_BIT_CONVERSION = YES;
				GCC_WARN_ABOUT_RETURN_TYPE = YES_ERROR;
				GCC_WARN_UNDECLARED_SELECTOR = YES;
				GCC_WARN_UNINITIALIZED_AUTOS = YES_AGGRESSIVE;
				GCC_WARN_UNUSED_FUNCTION = YES;
				GCC_WARN_UNUSED_VARIABLE = YES;
				IPHONEOS_DEPLOYMENT_TARGET = 15.0;
				MTL_ENABLE_DEBUG_INFO = INCLUDE_SOURCE;
				MTL_FAST_MATH = YES;
				ONLY_ACTIVE_ARCH = YES;
				SDKROOT = iphoneos;
				SWIFT_ACTIVE_COMPILATION_CONDITIONS = DEBUG;
				SWIFT_OPTIMIZATION_LEVEL = "-Onone";
			};
			name = Debug;
		};
		3B4E3FF7272A696F00577625 /* Release */ = {
			isa = XCBuildConfiguration;
			buildSettings = {
				ALWAYS_SEARCH_USER_PATHS = NO;
				CLANG_ANALYZER_NONNULL = YES;
				CLANG_ANALYZER_NUMBER_OBJECT_CONVERSION = YES_AGGRESSIVE;
				CLANG_CXX_LANGUAGE_STANDARD = "gnu++17";
				CLANG_CXX_LIBRARY = "libc++";
				CLANG_ENABLE_MODULES = YES;
				CLANG_ENABLE_OBJC_ARC = YES;
				CLANG_ENABLE_OBJC_WEAK = YES;
				CLANG_WARN_BLOCK_CAPTURE_AUTORELEASING = YES;
				CLANG_WARN_BOOL_CONVERSION = YES;
				CLANG_WARN_COMMA = YES;
				CLANG_WARN_CONSTANT_CONVERSION = YES;
				CLANG_WARN_DEPRECATED_OBJC_IMPLEMENTATIONS = YES;
				CLANG_WARN_DIRECT_OBJC_ISA_USAGE = YES_ERROR;
				CLANG_WARN_DOCUMENTATION_COMMENTS = YES;
				CLANG_WARN_EMPTY_BODY = YES;
				CLANG_WARN_ENUM_CONVERSION = YES;
				CLANG_WARN_INFINITE_RECURSION = YES;
				CLANG_WARN_INT_CONVERSION = YES;
				CLANG_WARN_NON_LITERAL_NULL_CONVERSION = YES;
				CLANG_WARN_OBJC_IMPLICIT_RETAIN_SELF = YES;
				CLANG_WARN_OBJC_LITERAL_CONVERSION = YES;
				CLANG_WARN_OBJC_ROOT_CLASS = YES_ERROR;
				CLANG_WARN_QUOTED_INCLUDE_IN_FRAMEWORK_HEADER = YES;
				CLANG_WARN_RANGE_LOOP_ANALYSIS = YES;
				CLANG_WARN_STRICT_PROTOTYPES = YES;
				CLANG_WARN_SUSPICIOUS_MOVE = YES;
				CLANG_WARN_UNGUARDED_AVAILABILITY = YES_AGGRESSIVE;
				CLANG_WARN_UNREACHABLE_CODE = YES;
				CLANG_WARN__DUPLICATE_METHOD_MATCH = YES;
				COPY_PHASE_STRIP = NO;
				DEBUG_INFORMATION_FORMAT = "dwarf-with-dsym";
				ENABLE_NS_ASSERTIONS = NO;
				ENABLE_STRICT_OBJC_MSGSEND = YES;
				GCC_C_LANGUAGE_STANDARD = gnu11;
				GCC_NO_COMMON_BLOCKS = YES;
				GCC_WARN_64_TO_32_BIT_CONVERSION = YES;
				GCC_WARN_ABOUT_RETURN_TYPE = YES_ERROR;
				GCC_WARN_UNDECLARED_SELECTOR = YES;
				GCC_WARN_UNINITIALIZED_AUTOS = YES_AGGRESSIVE;
				GCC_WARN_UNUSED_FUNCTION = YES;
				GCC_WARN_UNUSED_VARIABLE = YES;
				IPHONEOS_DEPLOYMENT_TARGET = 15.0;
				MTL_ENABLE_DEBUG_INFO = NO;
				MTL_FAST_MATH = YES;
				SDKROOT = iphoneos;
				SWIFT_COMPILATION_MODE = wholemodule;
				SWIFT_OPTIMIZATION_LEVEL = "-O";
				VALIDATE_PRODUCT = YES;
			};
			name = Release;
		};
		3B4E3FF9272A696F00577625 /* Debug */ = {
			isa = XCBuildConfiguration;
			baseConfigurationReference = 2765B4B3651662BDB6E801D4 /* Pods-Booster.debug.xcconfig */;
			buildSettings = {
				ASSETCATALOG_COMPILER_APPICON_NAME = AppIcon;
				ASSETCATALOG_COMPILER_GLOBAL_ACCENT_COLOR_NAME = AccentColor;
				CODE_SIGN_STYLE = Automatic;
				CURRENT_PROJECT_VERSION = 1;
				DEVELOPMENT_TEAM = B3PWYBKFUK;
				GENERATE_INFOPLIST_FILE = YES;
				INFOPLIST_FILE = Booster/Resources/Info.plist;
				INFOPLIST_KEY_UIApplicationSupportsIndirectInputEvents = YES;
				INFOPLIST_KEY_UILaunchStoryboardName = LaunchScreen;
				INFOPLIST_KEY_UIMainStoryboardFile = Main;
				INFOPLIST_KEY_UISupportedInterfaceOrientations = UIInterfaceOrientationPortrait;
				INFOPLIST_KEY_UISupportedInterfaceOrientations_iPad = "UIInterfaceOrientationPortrait UIInterfaceOrientationPortraitUpsideDown UIInterfaceOrientationLandscapeLeft UIInterfaceOrientationLandscapeRight";
				INFOPLIST_KEY_UISupportedInterfaceOrientations_iPhone = "UIInterfaceOrientationPortrait UIInterfaceOrientationLandscapeLeft UIInterfaceOrientationLandscapeRight";
				LD_RUNPATH_SEARCH_PATHS = (
					"$(inherited)",
					"@executable_path/Frameworks",
				);
				MARKETING_VERSION = 1.0;
				PRODUCT_BUNDLE_IDENTIFIER = com.Gegul.Booster;
				PRODUCT_NAME = "$(TARGET_NAME)";
				SWIFT_EMIT_LOC_STRINGS = YES;
				SWIFT_VERSION = 5.0;
				TARGETED_DEVICE_FAMILY = 1;
			};
			name = Debug;
		};
		3B4E3FFA272A696F00577625 /* Release */ = {
			isa = XCBuildConfiguration;
			baseConfigurationReference = 32F204ADAD4BAE4318631952 /* Pods-Booster.release.xcconfig */;
			buildSettings = {
				ASSETCATALOG_COMPILER_APPICON_NAME = AppIcon;
				ASSETCATALOG_COMPILER_GLOBAL_ACCENT_COLOR_NAME = AccentColor;
				CODE_SIGN_STYLE = Automatic;
				CURRENT_PROJECT_VERSION = 1;
				DEVELOPMENT_TEAM = B3PWYBKFUK;
				GENERATE_INFOPLIST_FILE = YES;
				INFOPLIST_FILE = Booster/Resources/Info.plist;
				INFOPLIST_KEY_UIApplicationSupportsIndirectInputEvents = YES;
				INFOPLIST_KEY_UILaunchStoryboardName = LaunchScreen;
				INFOPLIST_KEY_UIMainStoryboardFile = Main;
				INFOPLIST_KEY_UISupportedInterfaceOrientations = UIInterfaceOrientationPortrait;
				INFOPLIST_KEY_UISupportedInterfaceOrientations_iPad = "UIInterfaceOrientationPortrait UIInterfaceOrientationPortraitUpsideDown UIInterfaceOrientationLandscapeLeft UIInterfaceOrientationLandscapeRight";
				INFOPLIST_KEY_UISupportedInterfaceOrientations_iPhone = "UIInterfaceOrientationPortrait UIInterfaceOrientationLandscapeLeft UIInterfaceOrientationLandscapeRight";
				LD_RUNPATH_SEARCH_PATHS = (
					"$(inherited)",
					"@executable_path/Frameworks",
				);
				MARKETING_VERSION = 1.0;
				PRODUCT_BUNDLE_IDENTIFIER = com.Gegul.Booster;
				PRODUCT_NAME = "$(TARGET_NAME)";
				SWIFT_EMIT_LOC_STRINGS = YES;
				SWIFT_VERSION = 5.0;
				TARGETED_DEVICE_FAMILY = 1;
			};
			name = Release;
		};
/* End XCBuildConfiguration section */

/* Begin XCConfigurationList section */
		3B4E3FDF272A696E00577625 /* Build configuration list for PBXProject "Booster" */ = {
			isa = XCConfigurationList;
			buildConfigurations = (
				3B4E3FF6272A696F00577625 /* Debug */,
				3B4E3FF7272A696F00577625 /* Release */,
			);
			defaultConfigurationIsVisible = 0;
			defaultConfigurationName = Release;
		};
		3B4E3FF8272A696F00577625 /* Build configuration list for PBXNativeTarget "Booster" */ = {
			isa = XCConfigurationList;
			buildConfigurations = (
				3B4E3FF9272A696F00577625 /* Debug */,
				3B4E3FFA272A696F00577625 /* Release */,
			);
			defaultConfigurationIsVisible = 0;
			defaultConfigurationName = Release;
		};
/* End XCConfigurationList section */
	};
	rootObject = 3B4E3FDC272A696E00577625 /* Project object */;
}
